version = 1
revision = 3
requires-python = ">=3.13"
resolution-markers = [
    "python_full_version >= '3.15'",
    "python_full_version < '3.15'",
]

[[package]]
name = "argcomplete"
version = "3.7.2"
source = { registry = "https://pypi.org/simple" }
sdist = { url = "https://files.pythonhosted.org/packages/87/6f/5a73f04007ca950701765949209f068da628bd11f9c2da287278ce91e0ee/argcomplete-3.7.2.tar.gz", hash = "sha256:aad8b69a0b9969edb62db0d1752354c0d50717b10e0cbb00e2a958381b9fc6b9", size = 74473, upload-time = "2026-08-06T04:53:21.662Z" }
wheels = [
    { url = "https://files.pythonhosted.org/packages/46/bd/551ee6af426af84ca33e02622be722925c196608e9127d731ef17c47f06e/argcomplete-3.7.2-py3-none-any.whl", hash = "sha256:6029205678bdd9c1c728a155f5f9ecf5812393f969eef58807641a2bc2aa5b19", size = 43294, upload-time = "2026-08-06T04:53:20.246Z" },
]

[[package]]
name = "attrs"
version = "26.1.0"
source = { registry = "https://pypi.org/simple" }
sdist = { url = "https://files.pythonhosted.org/packages/9a/8e/82a0fe20a541c03148528be8cac2408564a6c9a0cc7e9171802bc1d26985/attrs-26.1.0.tar.gz", hash = "sha256:d03ceb89cb322a8fd706d4fb91940737b6642aa36998fe130a9bc96c985eff32", size = 952055, upload-time = "2026-03-19T14:22:25.026Z" }
wheels = [
    { url = "https://files.pythonhosted.org/packages/64/b4/17d4b0b2a2dc85a6df63d1157e028ed19f90d4cd97c36717afef2bc2f395/attrs-26.1.0-py3-none-any.whl", hash = "sha256:c647aa4a12dfbad9333ca4e71fe62ddc36f4e63b2d260a37a8b83d2f043ac309", size = 67548, upload-time = "2026-03-19T14:22:23.645Z" },
]

[[package]]
name = "bump-minimum-dependencies"
version = "0.5.1"
source = { editable = "." }
dependencies = [
    { name = "charset-normalizer" },
    { name = "click" },
    { name = "dep-logic" },
    { name = "requests" },
    { name = "rich" },
    { name = "uv" },
]

[package.dev-dependencies]
dev = [
    { name = "distlib" },
    { name = "nox" },
    { name = "nox-uv" },
    { name = "prek" },
    { name = "pytest" },
    { name = "pytest-freezer" },
    { name = "python-dateutil" },
    { name = "rich" },
    { name = "tomli-w" },
    { name = "ty" },
]

[package.metadata]
requires-dist = [
    { name = "charset-normalizer", specifier = "==3.3.2" },
    { name = "click", specifier = ">=8.4.2,<9" },
    { name = "dep-logic", specifier = ">=0.7.1" },
    { name = "requests", specifier = ">=2.34.2" },
    { name = "rich", specifier = ">=15" },
    { name = "uv", specifier = ">=0.12.5" },
]

[package.metadata.requires-dev]
dev = [
    { name = "distlib", specifier = ">=0.4.2,!=0.4.3,!=0.4.4" },
    { name = "nox", specifier = ">=2026.7.11" },
    { name = "nox-uv", specifier = ">=0.8" },
    { name = "prek", specifier = ">=0.4.12" },
    { name = "pytest", specifier = "==9.0.3" },
    { name = "pytest-freezer", specifier = "==0.4.9" },
    { name = "python-dateutil", specifier = "==2.8.2" },
    { name = "rich", specifier = ">=15" },
    { name = "tomli-w", specifier = ">=1.2" },
    { name = "ty", specifier = ">=0.0.69" },
]

[[package]]
name = "certifi"
version = "2026.7.22"
source = { registry = "https://pypi.org/simple" }
sdist = { url = "https://files.pythonhosted.org/packages/a3/c2/24167ea9858356b47a87a50d39908bfdb72ceeefe0041586e704e5376b3a/certifi-2026.7.22.tar.gz", hash = "sha256:741e2c3b351ddf169a738da9f2c048608ff7f2c5cc02f1ebc6b118bb090d5d55", size = 138112, upload-time = "2026-07-22T03:35:12.644Z" }
wheels = [
    { url = "https://files.pythonhosted.org/packages/0b/a7/71ac2cff56fec219ed242bb11b8efb69fcc4bec75db06fb7bfe35de520e6/certifi-2026.7.22-py3-none-any.whl", hash = "sha256:62f22742b58a1a33014a2b6b706588a8d7e2a88ae7bd1a6ebe8c992928483775", size = 136983, upload-time = "2026-07-22T03:35:11.276Z" },
]

[[package]]
name = "charset-normalizer"
version = "3.3.2"
source = { registry = "https://pypi.org/simple" }
sdist = { url = "https://files.pythonhosted.org/packages/63/09/c1bc53dab74b1816a00d8d030de5bf98f724c52c1635e07681d312f20be8/charset-normalizer-3.3.2.tar.gz", hash = "sha256:f30c3cb33b24454a82faecaf01b19c18562b1e89558fb6c56de4d9118a032fd5", size = 104809, upload-time = "2023-11-01T04:04:59.997Z" }
wheels = [
    { url = "https://files.pythonhosted.org/packages/28/76/e6222113b83e3622caa4bb41032d0b1bf785250607392e1b778aca0b8a7d/charset_normalizer-3.3.2-py3-none-any.whl", hash = "sha256:3e4d1f6587322d2788836a99c69062fbb091331ec940e02d12d179c1d53e25fc", size = 48543, upload-time = "2023-11-01T04:04:58.622Z" },
]

[[package]]
name = "click"
version = "8.5.0"
source = { registry = "https://pypi.org/simple" }
sdist = { url = "https://files.pythonhosted.org/packages/c7/0e/7fa0ef50764b67090eca4114772a2abf8b6148198475e54c660b97caeee6/click-8.5.0.tar.gz", hash = "sha256:ba0d2089de75ea0310e2dde03160e6ca10009947fb95a182f9b54021bb272e34", size = 382235, upload-time = "2026-08-26T13:33:14.56Z" }
wheels = [
    { url = "https://files.pythonhosted.org/packages/58/50/6c0d534c5f134586a8e1ba4e330569e32f057e33372ae556463212fb4cd3/click-8.5.0-py3-none-any.whl", hash = "sha256:255bc9599cf7748b4b1a446ccc735421bd08a2ae529a8b88597d3de5664ee360", size = 125251, upload-time = "2026-08-26T13:33:12.928Z" },
]

[[package]]
name = "colorama"
version = "0.4.6"
source = { registry = "https://pypi.org/simple" }
sdist = { url = "https://files.pythonhosted.org/packages/d8/53/6f443c9a4a8358a93a6792e2acffb9d9d5cb0a5cfd8802644b7b1c9a02e4/colorama-0.4.6.tar.gz", hash = "sha256:08695f5cb7ed6e0531a20572697297273c47b8cae5a63ffc6d6ed5c201be6e44", size = 27697, upload-time = "2022-10-25T02:36:22.414Z" }
wheels = [
    { url = "https://files.pythonhosted.org/packages/d1/d6/3965ed04c63042e047cb6a3e6ed1a63a35087b6a609aa3a15ed8ac56c221/colorama-0.4.6-py2.py3-none-any.whl", hash = "sha256:4f1d9991f5acc0ca119f9d443620b77f9d6b33703e51011c16baf57afb285fc6", size = 25335, upload-time = "2022-10-25T02:36:20.889Z" },
]

[[package]]
name = "colorlog"
version = "6.12.0"
source = { registry = "https://pypi.org/simple" }
dependencies = [
    { name = "colorama", marker = "sys_platform == 'win32'" },
]
sdist = { url = "https://files.pythonhosted.org/packages/8c/55/ba79756cb90c8d69d599d57785398ac87bba7b19c80e87f4e8a562197c93/colorlog-6.12.0.tar.gz", hash = "sha256:2a7924c1dadf18b22a0eb8b06d1c7b01d5341707ec1641eb6fcc4fde0c3e8e5f", size = 18151, upload-time = "2026-07-23T13:40:40.71Z" }
wheels = [
    { url = "https://files.pythonhosted.org/packages/d4/19/0b6647bf5e331521e55d2b63bfbdc210bd9cd605189273f03614a05f702d/colorlog-6.12.0-py3-none-any.whl", hash = "sha256:30d392604e9110045a2c2aeefc27d7a017abbab63f3a8aee594eac0801df784e", size = 12239, upload-time = "2026-07-23T13:40:39.562Z" },
]

[[package]]
name = "dep-logic"
version = "0.7.2"
source = { registry = "https://pypi.org/simple" }
dependencies = [
    { name = "packaging" },
]
sdist = { url = "https://files.pythonhosted.org/packages/1b/7a/ac7db322bfc792c237e059e0b048e8e0784eb624d0447e3cf5e231323725/dep_logic-0.7.2.tar.gz", hash = "sha256:2a3c49526075b0bc6825f0ea8c2d9f464de48b7b85f3f3d2900b4e5950fefedf", size = 37962, upload-time = "2026-08-28T03:43:17.064Z" }
wheels = [
    { url = "https://files.pythonhosted.org/packages/d0/71/e6979663eb7feaab2a2fcd3a004c0fc33b2a5d0ebafc4c474000b2be6732/dep_logic-0.7.2-py3-none-any.whl", hash = "sha256:33640c4ba7fd45f2504442eb9e0c12e57dac253c748ca3925749548a5c556bae", size = 36183, upload-time = "2026-08-28T03:43:15.718Z" },
]

[[package]]
name = "dependency-groups"
version = "1.3.2"
source = { registry = "https://pypi.org/simple" }
dependencies = [
    { name = "packaging" },
]
sdist = { url = "https://files.pythonhosted.org/packages/b5/16/65e61d8e837e0d70a99a0d4dd76e2af53357c3a03ed1db8ad9b5786d7f25/dependency_groups-1.3.2.tar.gz", hash = "sha256:c81831f43828dbc3987ee247eb198241a0152b8e7ceab10977cc3808eb388ac7", size = 13309, upload-time = "2026-08-22T02:43:30.137Z" }
wheels = [
    { url = "https://files.pythonhosted.org/packages/a1/e4/da5f2f176050efcfb9222a76a3e81c41f69f775be8e563b76ca4292a134f/dependency_groups-1.3.2-py3-none-any.whl", hash = "sha256:8c337f7b92445823b0d0ea507f611390c58dcd2112be00aebcd738a2ca7a1c64", size = 9802, upload-time = "2026-08-22T02:43:28.853Z" },
]

[[package]]
name = "distlib"
version = "0.4.2"
source = { registry = "https://pypi.org/simple" }
sdist = { url = "https://files.pythonhosted.org/packages/46/8d/873e9252ea2c0e0c857884e0a2899ec43ade132345df1925ef24cbe64f18/distlib-0.4.2.tar.gz", hash = "sha256:baeb401c90f27acd15c4861ae0847d1e731c27ac3dbf4210643ba61fa1e813db", size = 614914, upload-time = "2026-06-08T16:24:15.439Z" }
wheels = [
    { url = "https://files.pythonhosted.org/packages/c1/60/aa891c893821d4d127292ed66c6940d1d715894bd5a0ce048056bc641773/distlib-0.4.2-py2.py3-none-any.whl", hash = "sha256:ca4cb11e5d746b5ec13c199cbf19ae27a241f89702b54e153a74332955446067", size = 470510, upload-time = "2026-06-08T16:24:13.208Z" },
]

[[package]]
name = "filelock"
version = "3.32.6"
source = { registry = "https://pypi.org/simple" }
sdist = { url = "https://files.pythonhosted.org/packages/38/46/126b1831dca12060d4a8296bf9c4fe5c93c4f22197fa239cb0cc82042bba/filelock-3.32.6.tar.gz", hash = "sha256:a3f55a18af3652a94d8f47d6055df434f254ca1d02ef2524850c6d249ca2512c", size = 225172, upload-time = "2026-09-08T22:57:11.528Z" }
wheels = [
    { url = "https://files.pythonhosted.org/packages/cc/06/4f138f618dbea66803291274f228f01daf29f306fe8b96bc30dab765df75/filelock-3.32.6-py3-none-any.whl", hash = "sha256:3f16ecd0117feae0dfc147e8c62eb5daeccd8bd800378c3ddf416de9b4feb6b1", size = 100189, upload-time = "2026-09-08T22:57:10.182Z" },
]

[[package]]
name = "freezegun"
version = "1.5.5"
source = { registry = "https://pypi.org/simple" }
dependencies = [
    { name = "python-dateutil" },
]
sdist = { url = "https://files.pythonhosted.org/packages/95/dd/23e2f4e357f8fd3bdff613c1fe4466d21bfb00a6177f238079b17f7b1c84/freezegun-1.5.5.tar.gz", hash = "sha256:ac7742a6cc6c25a2c35e9292dfd554b897b517d2dec26891a2e8debf205cb94a", size = 35914, upload-time = "2025-08-09T10:39:08.338Z" }
wheels = [
    { url = "https://files.pythonhosted.org/packages/5e/2e/b41d8a1a917d6581fc27a35d05561037b048e47df50f27f8ac9c7e27a710/freezegun-1.5.5-py3-none-any.whl", hash = "sha256:cd557f4a75cf074e84bc374249b9dd491eaeacd61376b9eb3c423282211619d2", size = 19266, upload-time = "2025-08-09T10:39:06.636Z" },
]

[[package]]
name = "humanize"
version = "4.16.0"
source = { registry = "https://pypi.org/simple" }
sdist = { url = "https://files.pythonhosted.org/packages/0a/ea/13a1ef3c12d12662905801495283530251918b70d62d368f1d2e0272c70d/humanize-4.16.0.tar.gz", hash = "sha256:7dc2244a2f84a4bfb1d36c37bac80cd78e35cdc5c119206d87b018e1445f3a3f", size = 89515, upload-time = "2026-06-30T16:17:29.859Z" }
wheels = [
    { url = "https://files.pythonhosted.org/packages/b0/aa/0b7365d30fed43e7a3449aba1fe20a0a7174d9cf13e282af4e69ac825441/humanize-4.16.0-py3-none-any.whl", hash = "sha256:353eb2f34c09d098b2880eee8bef21832eae6d174f48c5762fff7e5fcb74d01d", size = 137209, upload-time = "2026-06-30T16:17:28.36Z" },
]

[[package]]
name = "idna"
version = "3.19"
source = { registry = "https://pypi.org/simple" }
sdist = { url = "https://files.pythonhosted.org/packages/5f/f7/abb373e5757eaec4b922b92f97ec8d6d7e057cf06778247604fbc4e7c3f3/idna-3.19.tar.gz", hash = "sha256:5e0811a4383b21dc5838069f801c4fb62113b7447663d2530d2bd6e77b49bf15", size = 215237, upload-time = "2026-08-18T05:14:24.27Z" }
wheels = [
    { url = "https://files.pythonhosted.org/packages/57/b0/0e52c878c53f245edd3a11020f20979b3f490f245af532c7cae3027754b5/idna-3.19-py3-none-any.whl", hash = "sha256:815e7be7a7806d54abb586dc943addc79e8b2ee16915059658cbeff4b1b43bf4", size = 68550, upload-time = "2026-08-18T05:14:22.343Z" },
]

[[package]]
name = "iniconfig"
version = "2.3.0"
source = { registry = "https://pypi.org/simple" }
sdist = { url = "https://files.pythonhosted.org/packages/72/34/14ca021ce8e5dfedc35312d08ba8bf51fdd999c576889fc2c24cb97f4f10/iniconfig-2.3.0.tar.gz", hash = "sha256:c76315c77db068650d49c5b56314774a7804df16fee4402c1f19d6d15d8c4730", size = 20503, upload-time = "2025-10-18T21:55:43.219Z" }
wheels = [
    { url = "https://files.pythonhosted.org/packages/cb/b1/3846dd7f199d53cb17f49cba7e651e9ce294d8497c8c150530ed11865bb8/iniconfig-2.3.0-py3-none-any.whl", hash = "sha256:f631c04d2c48c52b84d0d0549c99ff3859c98df65b3101406327ecc7d53fbf12", size = 7484, upload-time = "2025-10-18T21:55:41.639Z" },
]

[[package]]
name = "markdown-it-py"
version = "4.2.0"
source = { registry = "https://pypi.org/simple" }
dependencies = [
    { name = "mdurl" },
]
sdist = { url = "https://files.pythonhosted.org/packages/06/ff/7841249c247aa650a76b9ee4bbaeae59370dc8bfd2f6c01f3630c35eb134/markdown_it_py-4.2.0.tar.gz", hash = "sha256:04a21681d6fbb623de53f6f364d352309d4094dd4194040a10fd51833e418d49", size = 82454, upload-time = "2026-05-07T12:08:28.36Z" }
wheels = [
    { url = "https://files.pythonhosted.org/packages/b3/81/4da04ced5a082363ecfa159c010d200ecbd959ae410c10c0264a38cac0f5/markdown_it_py-4.2.0-py3-none-any.whl", hash = "sha256:9f7ebbcd14fe59494226453aed97c1070d83f8d24b6fc3a3bcf9a38092641c4a", size = 91687, upload-time = "2026-05-07T12:08:27.182Z" },
]

[[package]]
name = "mdurl"
version = "0.1.2"
source = { registry = "https://pypi.org/simple" }
sdist = { url = "https://files.pythonhosted.org/packages/d6/54/cfe61301667036ec958cb99bd3efefba235e65cdeb9c84d24a8293ba1d90/mdurl-0.1.2.tar.gz", hash = "sha256:bb413d29f5eea38f31dd4754dd7377d4465116fb207585f97bf925588687c1ba", size = 8729, upload-time = "2022-08-14T12:40:10.846Z" }
wheels = [
    { url = "https://files.pythonhosted.org/packages/b3/38/89ba8ad64ae25be8de66a6d463314cf1eb366222074cfda9ee839c56a4b4/mdurl-0.1.2-py3-none-any.whl", hash = "sha256:84008a41e51615a49fc9966191ff91509e3c40b939176e643fd50a5c2196b8f8", size = 9979, upload-time = "2022-08-14T12:40:09.779Z" },
]

[[package]]
name = "nox"
version = "2026.8.17"
source = { registry = "https://pypi.org/simple" }
dependencies = [
    { name = "argcomplete" },
    { name = "attrs" },
    { name = "colorlog" },
    { name = "dependency-groups" },
    { name = "humanize" },
    { name = "packaging" },
    { name = "platformdirs" },
    { name = "python-discovery" },
    { name = "virtualenv" },
]
sdist = { url = "https://files.pythonhosted.org/packages/be/65/4cef8ae8f6dbcb5753b202e46791277f1ea0b4a0650d1a6cb940c468b143/nox-2026.8.17.tar.gz", hash = "sha256:8d9c69c9b996a59db1eb2c6968deaebc2edbc55317d205981bbc4a37351d3f2e", size = 4076047, upload-time = "2026-08-18T03:09:57.078Z" }
wheels = [
    { url = "https://files.pythonhosted.org/packages/81/71/e0829a0500646070e98bc4442afa2917bfe5b6f1289511d8de853ae86497/nox-2026.8.17-py3-none-any.whl", hash = "sha256:a96a5286007cbc0d1eb1930e85738668f6722adba1ffaa48287296a96963086e", size = 94839, upload-time = "2026-08-18T03:09:55.684Z" },
]

[[package]]
name = "nox-uv"
version = "0.8.0"
source = { registry = "https://pypi.org/simple" }
dependencies = [
    { name = "nox" },
]
sdist = { url = "https://files.pythonhosted.org/packages/3e/b8/5a186592e002ac454450d6a43d6171b6207b0b4141db78464f7d4672ae8d/nox_uv-0.8.0.tar.gz", hash = "sha256:609595d9c4983b1c4abe8b44299b4223fb876f3794012a633c94acae697ed485", size = 5324, upload-time = "2026-05-12T02:16:55.269Z" }
wheels = [
    { url = "https://files.pythonhosted.org/packages/02/94/a2dae05f049990adff252037252da412f56fadd358fb3eca474c838c3dc3/nox_uv-0.8.0-py3-none-any.whl", hash = "sha256:f62c0e016fd8403fd4352ec1e6eb06d6f9967adc44bba74524d7f74da5ac1b19", size = 5628, upload-time = "2026-05-12T02:16:57.372Z" },
]

[[package]]
name = "packaging"
version = "26.3"
source = { registry = "https://pypi.org/simple" }
sdist = { url = "https://files.pythonhosted.org/packages/7d/fa/3944b40b07da9ce895c0e6303a5ab7d53da063554f534556b134a54d6093/packaging-26.3.tar.gz", hash = "sha256:94edc256424af38762eb31306eed28beb9f0efc50a8837492c9d6fd6004aed79", size = 313412, upload-time = "2026-08-04T18:15:28.737Z" }
wheels = [
    { url = "https://files.pythonhosted.org/packages/63/34/ba1c580383c9eada3711951fef0795c80b829a078d72188184bcab9dd527/packaging-26.3-py3-none-any.whl", hash = "sha256:d7193f7c8e4e93f444fde0262bf90af30e16fa0ad0ad44cb553c87339b23cd1c", size = 129956, upload-time = "2026-08-04T18:15:27.159Z" },
]

[[package]]
name = "platformdirs"
version = "4.11.8"
source = { registry = "https://pypi.org/simple" }
sdist = { url = "https://files.pythonhosted.org/packages/53/18/f3bb8ef0d3b930692343da8aa4d3cbcd6749477c053959395ac81965a6e9/platformdirs-4.11.8.tar.gz", hash = "sha256:f23abafea7dd4276d1f29104b83598d7dcc567cafd07c9c951e66665645437fc", size = 37182, upload-time = "2026-09-08T22:20:42.866Z" }
wheels = [
    { url = "https://files.pythonhosted.org/packages/f4/e1/5b7b8bbb55084d1425bcb9bc823ff519e1b2be05f6ebb0089e2eacc38413/platformdirs-4.11.8-py3-none-any.whl", hash = "sha256:52f2f181bbfde907966932cc8312d967d02976422d66d537ea16092b8e291081", size = 24027, upload-time = "2026-09-08T22:20:41.537Z" },
]

[[package]]
name = "pluggy"
version = "1.6.0"
source = { registry = "https://pypi.org/simple" }
sdist = { url = "https://files.pythonhosted.org/packages/f9/e2/3e91f31a7d2b083fe6ef3fa267035b518369d9511ffab804f839851d2779/pluggy-1.6.0.tar.gz", hash = "sha256:7dcc130b76258d33b90f61b658791dede3486c3e6bfb003ee5c9bfb396dd22f3", size = 69412, upload-time = "2025-05-15T12:30:07.975Z" }
wheels = [
    { url = "https://files.pythonhosted.org/packages/54/20/4d324d65cc6d9205fabedc306948156824eb9f0ee1633355a8f7ec5c66bf/pluggy-1.6.0-py3-none-any.whl", hash = "sha256:e920276dd6813095e9377c0bc5566d94c932c33b27a3e3945d8389c374dd4746", size = 20538, upload-time = "2025-05-15T12:30:06.134Z" },
]

[[package]]
name = "prek"
version = "0.5.3"
source = { registry = "https://pypi.org/simple" }
sdist = { url = "https://files.pythonhosted.org/packages/54/93/d1e5afc996b9fde04d71c37fd28bdd404e54daf1da6c76b883c5cdbdb411/prek-0.5.3.tar.gz", hash = "sha256:06d88bed9a5b2886cd3796957e4cecf05fa9b06724b625df31dbf0a48ff2330c", size = 551929, upload-time = "2026-09-13T08:38:37.823Z" }
wheels = [
    { url = "https://files.pythonhosted.org/packages/db/5d/8731dc49cb5424d37424db3ea2f3ff6a0b20caa971db72796e822ce48b24/prek-0.5.3-py3-none-macosx_10_12_x86_64.whl", hash = "sha256:2d7240c5e6a996ef5bebe5d57d43049803e41c225b343681c020bf0c87dab2b2", size = 6003518, upload-time = "2026-09-13T08:38:20.584Z" },
    { url = "https://files.pythonhosted.org/packages/51/45/ca413aefb3ea2411bbf0adb6eebfac1e9bfc5ac7679dbe26336fc651c347/prek-0.5.3-py3-none-macosx_11_0_arm64.whl", hash = "sha256:1dd6df8235ca361dbbeec89c305ccb41a138088a2fc548484b4cb89f66a80d20", size = 5538754, upload-time = "2026-09-13T08:38:23.004Z" },
    { url = "https://files.pythonhosted.org/packages/dc/92/874d58ba40d2fe7cfec2789ae8bf415f3751666ad5c59928821fe53c3c01/prek-0.5.3-py3-none-manylinux_2_17_aarch64.manylinux2014_aarch64.musllinux_1_1_aarch64.whl", hash = "sha256:61ff791bb850ba52cc0d86576498df7e1bd1e9ed20df63dae113a4a6aa495e19", size = 5841568, upload-time = "2026-09-13T08:38:25.008Z" },
    { url = "https://files.pythonhosted.org/packages/8f/40/167037b8eef75f6f036c60ff7e93f42defebb7c3733677e2f30e5a479257/prek-0.5.3-py3-none-manylinux_2_17_x86_64.manylinux2014_x86_64.whl", hash = "sha256:a863379a2668c4ef079d820ffd5b14073145380dfbe0e70fef498dc73c568f86", size = 6226960, upload-time = "2026-09-13T08:38:26.788Z" },
    { url = "https://files.pythonhosted.org/packages/42/9a/bfcd3c1fe1fdefee8dc144a92c4b0b93b59f31c7df60ee1720c49223a90a/prek-0.5.3-py3-none-manylinux_2_28_aarch64.whl", hash = "sha256:086d1b77557f0a089568dc5b93c22ccd793351524f3eeb29d36781421a350e72", size = 5854832, upload-time = "2026-09-13T08:38:28.954Z" },
    { url = "https://files.pythonhosted.org/packages/15/41/1450b995b18bbf0d8ab65016860198052baad5c79c231151fa1dcca4a2de/prek-0.5.3-py3-none-musllinux_1_1_x86_64.whl", hash = "sha256:4f09b947255124e9591a7f7ef16eb5340a36ba94a275d788d7ea804fab35f0e2", size = 6343055, upload-time = "2026-09-13T08:38:30.96Z" },
    { url = "https://files.pythonhosted.org/packages/9c/e8/8f45950b8a8ddcf22efc7183e9d6b1d7e30373229ff7d9e56f918a55922c/prek-0.5.3-py3-none-win_amd64.whl", hash = "sha256:5b74a9742c3e8f8688d5dad1439688f112e2e1746fcb91016015dae38df3eb42", size = 5744293, upload-time = "2026-09-13T08:38:33.104Z" },
    { url = "https://files.pythonhosted.org/packages/24/cd/ce637f4b6cc6c583516dc16b539408dab593672f7c6fe7723a37caf378ff/prek-0.5.3-py3-none-win_arm64.whl", hash = "sha256:20d92aef53a5e237f4659ecc6669c0fbc98a1b83f0e2476530400a72d42ca390", size = 5512958, upload-time = "2026-09-13T08:38:36.123Z" },
]

[[package]]
name = "pygments"
version = "2.21.0"
source = { registry = "https://pypi.org/simple" }
sdist = { url = "https://files.pythonhosted.org/packages/49/2e/ced460408999b33da6b31b0021b0f37d329e202d4169aeb164493778f25b/pygments-2.21.0.tar.gz", hash = "sha256:610ca751c9bc2492b38eb9a38a7fbc93edbbb2d7182edaf34e66ae493dee5c8c", size = 5005329, upload-time = "2026-08-17T08:02:48.824Z" }
wheels = [
    { url = "https://files.pythonhosted.org/packages/71/46/17f022dd3e953bf20a04a028a21ec746d942f8d2af30fa0f124fa0e6a684/pygments-2.21.0-py3-none-any.whl", hash = "sha256:2363c69b61c4a97c838da3b130dcd6468f4848992b21a82f2a63ec34377137d9", size = 1250147, upload-time = "2026-08-17T08:02:44.912Z" },
]

[[package]]
name = "pytest"
version = "9.0.3"
source = { registry = "https://pypi.org/simple" }
dependencies = [
    { name = "colorama", marker = "sys_platform == 'win32'" },
    { name = "iniconfig" },
    { name = "packaging" },
    { name = "pluggy" },
    { name = "pygments" },
]
sdist = { url = "https://files.pythonhosted.org/packages/7d/0d/549bd94f1a0a402dc8cf64563a117c0f3765662e2e668477624baeec44d5/pytest-9.0.3.tar.gz", hash = "sha256:b86ada508af81d19edeb213c681b1d48246c1a91d304c6c81a427674c17eb91c", size = 1572165, upload-time = "2026-04-07T17:16:18.027Z" }
wheels = [
    { url = "https://files.pythonhosted.org/packages/d4/24/a372aaf5c9b7208e7112038812994107bc65a84cd00e0354a88c2c77a617/pytest-9.0.3-py3-none-any.whl", hash = "sha256:2c5efc453d45394fdd706ade797c0a81091eccd1d6e4bccfcd476e2b8e0ab5d9", size = 375249, upload-time = "2026-04-07T17:16:16.13Z" },
]

[[package]]
name = "pytest-freezer"
version = "0.4.9"
source = { registry = "https://pypi.org/simple" }
dependencies = [
    { name = "freezegun" },
    { name = "pytest" },
]
sdist = { url = "https://files.pythonhosted.org/packages/81/f0/98dcbc5324064360b19850b14c84cea9ca50785d921741dbfc442346e925/pytest_freezer-0.4.9.tar.gz", hash = "sha256:21bf16bc9cc46bf98f94382c4b5c3c389be7056ff0be33029111ae11b3f1c82a", size = 3177, upload-time = "2024-12-12T08:53:08.684Z" }
wheels = [
    { url = "https://files.pythonhosted.org/packages/c1/e9/30252bc05bcf67200a17f4f0b4cc7598f0a68df4fa9fa356193aa899f145/pytest_freezer-0.4.9-py3-none-any.whl", hash = "sha256:8b6c50523b7d4aec4590b52bfa5ff766d772ce506e2bf4846c88041ea9ccae59", size = 3192, upload-time = "2024-12-12T08:53:07.641Z" },
]

[[package]]
name = "python-dateutil"
version = "2.8.2"
source = { registry = "https://pypi.org/simple" }
dependencies = [
    { name = "six" },
]
sdist = { url = "https://files.pythonhosted.org/packages/4c/c4/13b4776ea2d76c115c1d1b84579f3764ee6d57204f6be27119f13a61d0a9/python-dateutil-2.8.2.tar.gz", hash = "sha256:0123cacc1627ae19ddf3c27a5de5bd67ee4586fbdd6440d9748f8abb483d3e86", size = 357324, upload-time = "2021-07-14T08:19:19.783Z" }
wheels = [
    { url = "https://files.pythonhosted.org/packages/36/7a/87837f39d0296e723bb9b62bbb257d0355c7f6128853c78955f57342a56d/python_dateutil-2.8.2-py2.py3-none-any.whl", hash = "sha256:961d03dc3453ebbc59dbdea9e4e11c5651520a876d0f4db161e8674aae935da9", size = 247702, upload-time = "2021-07-14T08:19:18.161Z" },
]

[[package]]
name = "python-discovery"
version = "1.6.0"
source = { registry = "https://pypi.org/simple" }
dependencies = [
    { name = "filelock" },
]
sdist = { url = "https://files.pythonhosted.org/packages/91/96/0f93e27c9f60a650838f2118159aa115fd5732c0716247917b7ba7ede665/python_discovery-1.6.0.tar.gz", hash = "sha256:6393b4eae1be8b2182670635e7baff89ac21cb9f8e86fd1ff40c7b1144febb4c", size = 82849, upload-time = "2026-08-28T17:30:02.366Z" }
wheels = [
    { url = "https://files.pythonhosted.org/packages/43/5e/21abf578182fb15006a57faf3711a1e659e29d600d19b6e557eae908c81d/python_discovery-1.6.0-py3-none-any.whl", hash = "sha256:d4e244cf17b8b29819ed78003d55fbacf86eda23425b075454fff9271b79377a", size = 38451, upload-time = "2026-08-28T17:30:01.236Z" },
]

[[package]]
name = "requests"
version = "2.34.2"
source = { registry = "https://pypi.org/simple" }
dependencies = [
    { name = "certifi" },
    { name = "charset-normalizer" },
    { name = "idna" },
    { name = "urllib3" },
]
sdist = { url = "https://files.pythonhosted.org/packages/ac/c3/e2a2b89f2d3e2179abd6d00ebd70bff6273f37fb3e0cc209f48b39d00cbf/requests-2.34.2.tar.gz", hash = "sha256:f288924cae4e29463698d6d60bc6a4da69c89185ad1e0bcc4104f584e960b9ed", size = 142856, upload-time = "2026-05-14T19:25:27.735Z" }
wheels = [
    { url = "https://files.pythonhosted.org/packages/a0/f4/c67b0b3f1b9245e8d266f0f112c500d50e5b4e83cb6f3b71b6528104182a/requests-2.34.2-py3-none-any.whl", hash = "sha256:2a0d60c172f83ac6ab31e4554906c0f3b3588d37b5cb939b1c061f4907e278e0", size = 73075, upload-time = "2026-05-14T19:25:26.443Z" },
]

[[package]]
name = "rich"
version = "15.0.0"
source = { registry = "https://pypi.org/simple" }
dependencies = [
    { name = "markdown-it-py" },
    { name = "pygments" },
]
sdist = { url = "https://files.pythonhosted.org/packages/c0/8f/0722ca900cc807c13a6a0c696dacf35430f72e0ec571c4275d2371fca3e9/rich-15.0.0.tar.gz", hash = "sha256:edd07a4824c6b40189fb7ac9bc4c52536e9780fbbfbddf6f1e2502c31b068c36", size = 230680, upload-time = "2026-04-12T08:24:00.75Z" }
wheels = [
    { url = "https://files.pythonhosted.org/packages/82/3b/64d4899d73f91ba49a8c18a8ff3f0ea8f1c1d75481760df8c68ef5235bf5/rich-15.0.0-py3-none-any.whl", hash = "sha256:33bd4ef74232fb73fe9279a257718407f169c09b78a87ad3d296f548e27de0bb", size = 310654, upload-time = "2026-04-12T08:24:02.83Z" },
]

[[package]]
name = "six"
version = "1.17.0"
source = { registry = "https://pypi.org/simple" }
sdist = { url = "https://files.pythonhosted.org/packages/94/e7/b2c673351809dca68a0e064b6af791aa332cf192da575fd474ed7d6f16a2/six-1.17.0.tar.gz", hash = "sha256:ff70335d468e7eb6ec65b95b99d3a2836546063f63acc5171de367e834932a81", size = 34031, upload-time = "2024-12-04T17:35:28.174Z" }
wheels = [
    { url = "https://files.pythonhosted.org/packages/b7/ce/149a00dd41f10bc29e5921b496af8b574d8413afcd5e30dfa0ed46c2cc5e/six-1.17.0-py2.py3-none-any.whl", hash = "sha256:4721f391ed90541fddacab5acf947aa0d3dc7d27b2e1e8eda2be8970586c3274", size = 11050, upload-time = "2024-12-04T17:35:26.475Z" },
]

[[package]]
name = "tomli-w"
version = "1.2.0"
source = { registry = "https://pypi.org/simple" }
sdist = { url = "https://files.pythonhosted.org/packages/19/75/241269d1da26b624c0d5e110e8149093c759b7a286138f4efd61a60e75fe/tomli_w-1.2.0.tar.gz", hash = "sha256:2dd14fac5a47c27be9cd4c976af5a12d87fb1f0b4512f81d69cce3b35ae25021", size = 7184, upload-time = "2025-01-15T12:07:24.262Z" }
wheels = [
    { url = "https://files.pythonhosted.org/packages/c7/18/c86eb8e0202e32dd3df50d43d7ff9854f8e0603945ff398974c1d91ac1ef/tomli_w-1.2.0-py3-none-any.whl", hash = "sha256:188306098d013b691fcadc011abd66727d3c414c571bb01b1a174ba8c983cf90", size = 6675, upload-time = "2025-01-15T12:07:22.074Z" },
]

[[package]]
name = "ty"
version = "0.0.80"
source = { registry = "https://pypi.org/simple" }
sdist = { url = "https://files.pythonhosted.org/packages/54/b0/6d1b10e0d422736a3c439e487c950ae785f401d71ff879d5be68bccb6d90/ty-0.0.80.tar.gz", hash = "sha256:fe86bc91327e45ff5e3593b7e306e7f57a44bc0608f38d647b8d97bd99c96013", size = 7183998, upload-time = "2026-09-09T21:18:47.547Z" }
wheels = [
    { url = "https://files.pythonhosted.org/packages/29/c8/3c93195eca282936ebb574d0ba98843e4b147ee324006f88464777012a92/ty-0.0.80-py3-none-linux_armv6l.whl", hash = "sha256:738d1cfca466c577aea24547c348629c00c63548cf7da2c46b497b3840f85dee", size = 13606509, upload-time = "2026-09-09T21:18:10.476Z" },
    { url = "https://files.pythonhosted.org/packages/e7/48/bbb47f7001c97262a5109bcd92a45bcc8a2fbb21e994c214a9897630bfb7/ty-0.0.80-py3-none-macosx_10_12_x86_64.whl", hash = "sha256:56060164bb8ee43770fa367524fbdba2611fc90f8923a02cc91f80eb37d5a1b0", size = 13203812, upload-time = "2026-09-09T21:18:12.796Z" },
    { url = "https://files.pythonhosted.org/packages/db/8d/fd141160567047b742e466be8ed09a4c4ed80fa045d37f946eb4f4532fee/ty-0.0.80-py3-none-macosx_11_0_arm64.whl", hash = "sha256:da4062e0fbf3923d9b71688157c5753394f243348f00732e9edbb27498397169", size = 13021896, upload-time = "2026-09-09T21:18:15.186Z" },
    { url = "https://files.pythonhosted.org/packages/1e/10/b4177faf9e71bc37bc4d08f512042269660a1ce0ec457c48f96e51fc91d7/ty-0.0.80-py3-none-manylinux_2_17_aarch64.manylinux2014_aarch64.whl", hash = "sha256:a9eb94b2659f506a3a07a9ea1415d5c18aaa1e554adc1612614d617a0ed320e1", size = 13083881, upload-time = "2026-09-09T21:18:17.616Z" },
    { url = "https://files.pythonhosted.org/packages/7f/c2/192d48b9a9acbbe030fc9a4bd73af75671a5566e731949f77e912a68ce68/ty-0.0.80-py3-none-manylinux_2_17_armv7l.manylinux2014_armv7l.whl", hash = "sha256:e2f5e39a87da48c1af1a3b3135f02be7a83a93da30b0d6a5f5d27806e7c747ce", size = 13354874, upload-time = "2026-09-09T21:18:19.744Z" },
    { url = "https://files.pythonhosted.org/packages/0a/5b/736dfd31efd98bed9dbe018ff91676e5ea83485b1e24afb635fd0247728f/ty-0.0.80-py3-none-manylinux_2_17_i686.manylinux2014_i686.whl", hash = "sha256:4e00149e7779c6b98f3ba12e10a631a861bd7ca1a42bbf064e2677ada7d2c0c2", size = 14204805, upload-time = "2026-09-09T21:18:21.999Z" },
    { url = "https://files.pythonhosted.org/packages/fd/6f/557c726cb53401998e3589bb632c963a6887a70240e0a4386024f3731c81/ty-0.0.80-py3-none-manylinux_2_17_ppc64le.manylinux2014_ppc64le.whl", hash = "sha256:a377268f359fb6e7a2cc9026a09223c764f58d020dec8e6baeaba9caba6ff829", size = 14630014, upload-time = "2026-09-09T21:18:24Z" },
    { url = "https://files.pythonhosted.org/packages/e9/19/7a4b18fe27f6b6bd4ffa56b67c8b09ecb76bb4312d1c64b73f65417b4dbd/ty-0.0.80-py3-none-manylinux_2_17_s390x.manylinux2014_s390x.whl", hash = "sha256:4511dbf1b266b9ce5b73e9b28d94468096c2b6da00e2fe205168c32d3b352ca7", size = 14326946, upload-time = "2026-09-09T21:18:26.679Z" },
    { url = "https://files.pythonhosted.org/packages/f8/95/16dd90805fc7e53ec54ae9fdb1a8b74753fb159a55a170f60f49b9417824/ty-0.0.80-py3-none-manylinux_2_17_x86_64.manylinux2014_x86_64.whl", hash = "sha256:fe95feffa7156800c6f804195acb9fb5846a39671c7192c30fff23351aaf7c31", size = 13705988, upload-time = "2026-09-09T21:18:28.681Z" },
    { url = "https://files.pythonhosted.org/packages/b1/09/4e87992c23ab8a742c7d4914ac5fe66fb9301c8464a69fd2ecbc0be3fbcd/ty-0.0.80-py3-none-manylinux_2_31_riscv64.whl", hash = "sha256:ba26b39f06bc8c3c2c5acd3a147239482b36620cdbca1b9d02e915294854f2cc", size = 14233729, upload-time = "2026-09-09T21:18:30.961Z" },
    { url = "https://files.pythonhosted.org/packages/36/e9/b8c11fda8e66a1d1cc1a7160ed719a33f4dc0107b1cef6a14e2673965763/ty-0.0.80-py3-none-musllinux_1_2_aarch64.whl", hash = "sha256:2e6167320888c115a6fbe69893b63fd1c848f9121a454e75e5f612674528e3f3", size = 13173523, upload-time = "2026-09-09T21:18:33.266Z" },
    { url = "https://files.pythonhosted.org/packages/73/a7/512083fa540c5be1ac8642658f03bfb5bfa6fd168ea4f55e3c0aabe04166/ty-0.0.80-py3-none-musllinux_1_2_armv7l.whl", hash = "sha256:7aecb62b4de70b479eab07d1779ea66da26dd8b068f50a9330867157312f103c", size = 13373014, upload-time = "2026-09-09T21:18:35.339Z" },
    { url = "https://files.pythonhosted.org/packages/5e/63/cd2f0ca81fd9b8cafef93bbcf022bf636bc4de8ee7465c6aafeec1d4d52b/ty-0.0.80-py3-none-musllinux_1_2_i686.whl", hash = "sha256:4fed06adacd16b7e2d722f37449021b1419598d0440769701c0f4827faddde63", size = 13667827, upload-time = "2026-09-09T21:18:37.241Z" },
    { url = "https://files.pythonhosted.org/packages/0d/5d/ebdfdcb2dc099ae74dc4b75511eef0dd398b2fa27006c543543974b4567f/ty-0.0.80-py3-none-musllinux_1_2_x86_64.whl", hash = "sha256:09329af6303ce611ec2cfffc995dc1ddf76c9f47194fc1a4d64a984759c25f5b", size = 13963866, upload-time = "2026-09-09T21:18:39.386Z" },
    { url = "https://files.pythonhosted.org/packages/c4/f6/c286d5e1b560cfd16d6e91fdab683718aacf09fc88938ca06dcc9d1c8502/ty-0.0.80-py3-none-win32.whl", hash = "sha256:a81b3b512f7b4c68e42fbd1835633de658809666e9aafd5defa52bbc5197698d", size = 12881806, upload-time = "2026-09-09T21:18:41.507Z" },
    { url = "https://files.pythonhosted.org/packages/fd/c8/3b3a8ac16d47a23ff34bf57c0d99a491860748aea96e0e886b4bfed54f9b/ty-0.0.80-py3-none-win_amd64.whl", hash = "sha256:8043f99878a2ae434781cb881c8a3840dff70c4a5b60bdc5ae84251f35ee063f", size = 13528883, upload-time = "2026-09-09T21:18:43.687Z" },
    { url = "https://files.pythonhosted.org/packages/2e/71/a6c697930fca76596d7d17f8853120f41a298fd9ea632c901cfca8ca869b/ty-0.0.80-py3-none-win_arm64.whl", hash = "sha256:e277ef034331da5319efc839c064968d24f35715b71c70369cf97d36fe4dcbdb", size = 13370135, upload-time = "2026-09-09T21:18:45.758Z" },
]

[[package]]
name = "urllib3"
version = "2.7.0"
source = { registry = "https://pypi.org/simple" }
sdist = { url = "https://files.pythonhosted.org/packages/53/0c/06f8b233b8fd13b9e5ee11424ef85419ba0d8ba0b3138bf360be2ff56953/urllib3-2.7.0.tar.gz", hash = "sha256:231e0ec3b63ceb14667c67be60f2f2c40a518cb38b03af60abc813da26505f4c", size = 433602, upload-time = "2026-05-07T16:13:18.596Z" }
wheels = [
    { url = "https://files.pythonhosted.org/packages/7f/3e/5db95bcf282c52709639744ca2a8b149baccf648e39c8cc87553df9eae0c/urllib3-2.7.0-py3-none-any.whl", hash = "sha256:9fb4c81ebbb1ce9531cce37674bbc6f1360472bc18ca9a553ede278ef7276897", size = 131087, upload-time = "2026-05-07T16:13:17.151Z" },
]

[[package]]
name = "uv"
version = "0.12.13"
source = { registry = "https://pypi.org/simple" }
sdist = { url = "https://files.pythonhosted.org/packages/13/24/c4c6633e70c6ea353d31d2d45aac09e7cbcd3a7e62cd9f558d4c7a1aa4a4/uv-0.12.13.tar.gz", hash = "sha256:80c05ac556fec1504466c4cdcd135eb8f99e358ce3f17da336de696852791551", size = 7172692, upload-time = "2026-09-10T19:25:50.134Z" }
wheels = [
    { url = "https://files.pythonhosted.org/packages/c1/c2/144e91ebc02fa9a5b750d1fc82c77041e0b20021b84eab0ee4b62144a4e5/uv-0.12.13-py3-none-linux_armv6l.whl", hash = "sha256:7aafa9fad6d8a2f0eec5dafdc6279633fb8fd5642c0934d4d73696c4edb9379e", size = 22233722, upload-time = "2026-09-10T19:25:01.982Z" },
    { url = "https://files.pythonhosted.org/packages/7b/e9/de1916ac6602c226838aa1eee1033ce68138427399c63f9b47a5a1fa3dba/uv-0.12.13-py3-none-macosx_10_12_x86_64.whl", hash = "sha256:ac7f135750b7419283029edb93453b4d41c7d7ff90f9b3860a6e474ddf98f016", size = 20486403, upload-time = "2026-09-10T19:25:05.749Z" },
    { url = "https://files.pythonhosted.org/packages/2a/33/ef14dc7c9c4cfaf0c3a4aed5a298b76b5dea94c75b233f7620c49c9b2e09/uv-0.12.13-py3-none-macosx_11_0_arm64.whl", hash = "sha256:f86e5f02883c2e7a21bf522f4aa520c20d4f779d9a3368fbd6cdfe4a8f9549b5", size = 16796030, upload-time = "2026-09-10T19:25:08.355Z" },
    { url = "https://files.pythonhosted.org/packages/6a/94/0b1156a245e6ce20d68fa401c34a18d304d7dd0be0569345e62459e34821/uv-0.12.13-py3-none-manylinux_2_17_aarch64.manylinux2014_aarch64.musllinux_1_1_aarch64.whl", hash = "sha256:891aff3e186cd5844102750372304e9ca20edffc50cb39a14cd047ea3416de75", size = 21699128, upload-time = "2026-09-10T19:25:10.889Z" },
    { url = "https://files.pythonhosted.org/packages/4e/08/3d5d282c5b016e424d01f25d555200cff7c64eb9c69719d06e6c9a0b2181/uv-0.12.13-py3-none-manylinux_2_17_armv7l.manylinux2014_armv7l.musllinux_1_1_armv7l.whl", hash = "sha256:b9854ef55f665401f95237e1db55162dd9d7a4a46929326e6f52a5388ca57842", size = 21731754, upload-time = "2026-09-10T19:25:13.565Z" },
    { url = "https://files.pythonhosted.org/packages/94/40/93e520a6acc3acbc9e7d3c0af3a88395f65c552c054e5a1aa16fcdbebcf3/uv-0.12.13-py3-none-manylinux_2_17_armv7l.manylinux2014_armv7l.whl", hash = "sha256:263700a9b02d12bc8f1322b250f959435c4077fe3c16ff588e68672f3eddbd07", size = 21793261, upload-time = "2026-09-10T19:25:16.107Z" },
    { url = "https://files.pythonhosted.org/packages/0c/d3/71005d10201428abe7610259b96d87d536a569a052fd2e7fdfecca4cd1f7/uv-0.12.13-py3-none-manylinux_2_17_i686.manylinux2014_i686.whl", hash = "sha256:9ecd65bb4fbae642418ecc2f92d0811143eeaa96fcf96a7f18b74c475a7601c5", size = 22387944, upload-time = "2026-09-10T19:25:19.195Z" },
    { url = "https://files.pythonhosted.org/packages/2f/f0/8533c6a2f485a79cfd772f5a39a440a21a47f0629b76da61ea0dc96d9107/uv-0.12.13-py3-none-manylinux_2_17_ppc64le.manylinux2014_ppc64le.whl", hash = "sha256:959d330f99a653d115b440c28fb2abc3e720ca10e9f0131d97a48bfd5e59b4d2", size = 23729708, upload-time = "2026-09-10T19:25:21.959Z" },
    { url = "https://files.pythonhosted.org/packages/8c/06/03cab2f43fca04d0613819f9b8254d34fb776a26952baa2ac8ffb5adf420/uv-0.12.13-py3-none-manylinux_2_17_s390x.manylinux2014_s390x.whl", hash = "sha256:19264bcb664138bd94f66a39d6d1fe7bc4614f94deea98a995f88d779db0c4ba", size = 23361433, upload-time = "2026-09-10T19:25:24.514Z" },
    { url = "https://files.pythonhosted.org/packages/0c/31/f774e18ea9282f63fb3a4f83db8b818b860fb10efda1d295e4547e993bf8/uv-0.12.13-py3-none-manylinux_2_17_x86_64.manylinux2014_x86_64.whl", hash = "sha256:5312891392eb5b72eaca9b880e85fe3e706a2b11342e59f7a5cf0304d14d5cc5", size = 20029009, upload-time = "2026-09-10T19:25:27.135Z" },
    { url = "https://files.pythonhosted.org/packages/ca/f5/74a2b7e9c8aaa2d53bd16626ee68ebc0d3c2f58a36d4f3ae5939db455668/uv-0.12.13-py3-none-manylinux_2_28_aarch64.whl", hash = "sha256:b9c703a4aaee1288f33e2ce8b39a0245f432b57bd5d769073756b68e9ca6bafe", size = 19432758, upload-time = "2026-09-10T19:25:29.626Z" },
    { url = "https://files.pythonhosted.org/packages/f3/3e/c2b963e3550932669a8ed7b917cd1e0a58d9a46430958afbf8c2b442540f/uv-0.12.13-py3-none-manylinux_2_31_riscv64.musllinux_1_1_riscv64.whl", hash = "sha256:bc83ca045c140fcc5d010d451def731be1d225c472f7e4d474610f9e8deb88db", size = 22498193, upload-time = "2026-09-10T19:25:32.252Z" },
    { url = "https://files.pythonhosted.org/packages/15/3c/2efd62c47cc046f0b4f554a5189a64381ca3158853290940d24d0032b1fc/uv-0.12.13-py3-none-manylinux_2_31_riscv64.whl", hash = "sha256:6e6b9b2464aa917699fd6206932fca89483e45663ce438dac4e5bca5342e9bd0", size = 22614561, upload-time = "2026-09-10T19:25:34.821Z" },
    { url = "https://files.pythonhosted.org/packages/1d/6e/60595f41d159110f45301cee23fe0ae440ddfc1adfd64361c0b17e9c7a88/uv-0.12.13-py3-none-musllinux_1_1_i686.whl", hash = "sha256:93efdd41ccce008368ba6677ac9f788203b3c95cb2424657c3079b2f1d0022ee", size = 21537620, upload-time = "2026-09-10T19:25:37.546Z" },
    { url = "https://files.pythonhosted.org/packages/10/bd/1e34c94b846965cb9dbd94da9fffd22f4ebaa3896307b13394cc960a3047/uv-0.12.13-py3-none-musllinux_1_1_x86_64.whl", hash = "sha256:15f368be55e87109391a31c50846e81086b9792ccb43a1731774e961ea0641b7", size = 22903874, upload-time = "2026-09-10T19:25:40.166Z" },
    { url = "https://files.pythonhosted.org/packages/8e/e9/4d61956aab93ccd97003e2281e25258222250f4f8bd3730c5f01dbe15813/uv-0.12.13-py3-none-win32.whl", hash = "sha256:970ef5e688bce5936172bec9b2c73876fc1996d4e0318a26562310af92b0a75d", size = 19592237, upload-time = "2026-09-10T19:25:42.733Z" },
    { url = "https://files.pythonhosted.org/packages/69/1b/f40b1ad51226c2ae8707aa124f3b31f9b176a00482048dadd42d9b953d1e/uv-0.12.13-py3-none-win_amd64.whl", hash = "sha256:3efae0a910a25e18732f38ac1ef7b02e23f47b7fe67735039921fceff01d518c", size = 17708127, upload-time = "2026-09-10T19:25:45.105Z" },
    { url = "https://files.pythonhosted.org/packages/af/c8/d7629ecca85ee889bf8375730435e8c2dd920071a55c1d797e60200816e8/uv-0.12.13-py3-none-win_arm64.whl", hash = "sha256:ad61c396a57caac8b351429294e44ee52a1ecb1629b95d6898bd7c63ed3c13f3", size = 18913765, upload-time = "2026-09-10T19:25:47.754Z" },
]

[[package]]
name = "virtualenv"
version = "21.7.9"
source = { registry = "https://pypi.org/simple" }
dependencies = [
    { name = "distlib" },
    { name = "filelock" },
    { name = "platformdirs" },
    { name = "python-discovery" },
]
sdist = { url = "https://files.pythonhosted.org/packages/52/5c/ba82fdd0da13ade01453fc08277a70abc79128101319549f55f2e13f8f83/virtualenv-21.7.9.tar.gz", hash = "sha256:a7e42d81d779dec8afd7dc4be71640fb959ea861bccfa5980cb4ad9f92e30675", size = 5348882, upload-time = "2026-09-09T01:03:27.752Z" }
wheels = [
    { url = "https://files.pythonhosted.org/packages/85/fc/888c80b8da917bfc48a41887eca244f995d190bd3c01175727089fcaf27e/virtualenv-21.7.9-py3-none-any.whl", hash = "sha256:ba3b0bb41063c848d84d76a9fe3fb7711aaa0f2fe78708e8f3cd9714770e4eac", size = 5324667, upload-time = "2026-09-09T01:03:26.023Z" },
]
