version = 1
revision = 3
requires-python = ">=3.13"

[[package]]
name = "apeye-core"
version = "1.1.5"
source = { registry = "https://pypi.org/simple" }
dependencies = [
    { name = "domdf-python-tools" },
    { name = "idna" },
]
sdist = { url = "https://files.pythonhosted.org/packages/e5/4c/4f108cfd06923bd897bf992a6ecb6fb122646ee7af94d7f9a64abd071d4c/apeye_core-1.1.5.tar.gz", hash = "sha256:5de72ed3d00cc9b20fea55e54b7ab8f5ef8500eb33a5368bc162a5585e238a55", size = 96511, upload-time = "2024-01-30T17:45:48.727Z" }
wheels = [
    { url = "https://files.pythonhosted.org/packages/77/9f/fa9971d2a0c6fef64c87ba362a493a4f230eff4ea8dfb9f4c7cbdf71892e/apeye_core-1.1.5-py3-none-any.whl", hash = "sha256:dc27a93f8c9e246b3b238c5ea51edf6115ab2618ef029b9f2d9a190ec8228fbf", size = 99286, upload-time = "2024-01-30T17:45:46.764Z" },
]

[[package]]
name = "argcomplete"
version = "3.7.2"
source = { registry = "https://pypi.org/simple" }
sdist = { url = "https://files.pythonhosted.org/packages/87/6f/5a73f04007ca950701765949209f068da628bd11f9c2da287278ce91e0ee/argcomplete-3.7.2.tar.gz", hash = "sha256:aad8b69a0b9969edb62db0d1752354c0d50717b10e0cbb00e2a958381b9fc6b9", size = 74473, upload-time = "2026-08-06T04:53:21.662Z" }
wheels = [
    { url = "https://files.pythonhosted.org/packages/46/bd/551ee6af426af84ca33e02622be722925c196608e9127d731ef17c47f06e/argcomplete-3.7.2-py3-none-any.whl", hash = "sha256:6029205678bdd9c1c728a155f5f9ecf5812393f969eef58807641a2bc2aa5b19", size = 43294, upload-time = "2026-08-06T04:53:20.246Z" },
]

[[package]]
name = "attrs"
version = "26.1.0"
source = { registry = "https://pypi.org/simple" }
sdist = { url = "https://files.pythonhosted.org/packages/9a/8e/82a0fe20a541c03148528be8cac2408564a6c9a0cc7e9171802bc1d26985/attrs-26.1.0.tar.gz", hash = "sha256:d03ceb89cb322a8fd706d4fb91940737b6642aa36998fe130a9bc96c985eff32", size = 952055, upload-time = "2026-03-19T14:22:25.026Z" }
wheels = [
    { url = "https://files.pythonhosted.org/packages/64/b4/17d4b0b2a2dc85a6df63d1157e028ed19f90d4cd97c36717afef2bc2f395/attrs-26.1.0-py3-none-any.whl", hash = "sha256:c647aa4a12dfbad9333ca4e71fe62ddc36f4e63b2d260a37a8b83d2f043ac309", size = 67548, upload-time = "2026-03-19T14:22:23.645Z" },
]

[[package]]
name = "boolean-py"
version = "5.0"
source = { registry = "https://pypi.org/simple" }
sdist = { url = "https://files.pythonhosted.org/packages/c4/cf/85379f13b76f3a69bca86b60237978af17d6aa0bc5998978c3b8cf05abb2/boolean_py-5.0.tar.gz", hash = "sha256:60cbc4bad079753721d32649545505362c754e121570ada4658b852a3a318d95", size = 37047, upload-time = "2025-04-03T10:39:49.734Z" }
wheels = [
    { url = "https://files.pythonhosted.org/packages/e5/ca/78d423b324b8d77900030fa59c4aa9054261ef0925631cd2501dd015b7b7/boolean_py-5.0-py3-none-any.whl", hash = "sha256:ef28a70bd43115208441b53a045d1549e2f0ec6e3d08a9d142cbc41c1938e8d9", size = 26577, upload-time = "2025-04-03T10:39:48.449Z" },
]

[[package]]
name = "bump-minimum-dependencies"
version = "0.1.0b3"
source = { editable = "." }
dependencies = [
    { name = "charset-normalizer" },
    { name = "click" },
    { name = "dep-logic" },
    { name = "pyproject-parser" },
    { name = "requests" },
    { name = "uv" },
]

[package.dev-dependencies]
dev = [
    { name = "distlib" },
    { name = "nox" },
    { name = "nox-uv" },
    { name = "prek" },
    { name = "pytest" },
    { name = "pytest-freezer" },
    { name = "python-dateutil" },
    { name = "ty" },
]

[package.metadata]
requires-dist = [
    { name = "charset-normalizer", specifier = "==3.3.2" },
    { name = "click", specifier = "==8.4.2" },
    { name = "dep-logic", specifier = ">=0.6" },
    { name = "pyproject-parser", specifier = "==0.14" },
    { name = "requests", specifier = "==2.34.2" },
    { name = "uv", specifier = ">=0.10" },
]

[package.metadata.requires-dev]
dev = [
    { name = "distlib", specifier = "==0.4.2" },
    { name = "nox", specifier = ">=2026.7.11" },
    { name = "nox-uv", specifier = ">=0.8" },
    { name = "prek", specifier = ">=0.4.12" },
    { name = "pytest", specifier = "==9.0.3" },
    { name = "pytest-freezer", specifier = "==0.4.9" },
    { name = "python-dateutil", specifier = "==2.8.2" },
    { name = "ty", specifier = ">=0.0.69" },
]

[[package]]
name = "certifi"
version = "2026.7.22"
source = { registry = "https://pypi.org/simple" }
sdist = { url = "https://files.pythonhosted.org/packages/a3/c2/24167ea9858356b47a87a50d39908bfdb72ceeefe0041586e704e5376b3a/certifi-2026.7.22.tar.gz", hash = "sha256:741e2c3b351ddf169a738da9f2c048608ff7f2c5cc02f1ebc6b118bb090d5d55", size = 138112, upload-time = "2026-07-22T03:35:12.644Z" }
wheels = [
    { url = "https://files.pythonhosted.org/packages/0b/a7/71ac2cff56fec219ed242bb11b8efb69fcc4bec75db06fb7bfe35de520e6/certifi-2026.7.22-py3-none-any.whl", hash = "sha256:62f22742b58a1a33014a2b6b706588a8d7e2a88ae7bd1a6ebe8c992928483775", size = 136983, upload-time = "2026-07-22T03:35:11.276Z" },
]

[[package]]
name = "charset-normalizer"
version = "3.3.2"
source = { registry = "https://pypi.org/simple" }
sdist = { url = "https://files.pythonhosted.org/packages/63/09/c1bc53dab74b1816a00d8d030de5bf98f724c52c1635e07681d312f20be8/charset-normalizer-3.3.2.tar.gz", hash = "sha256:f30c3cb33b24454a82faecaf01b19c18562b1e89558fb6c56de4d9118a032fd5", size = 104809, upload-time = "2023-11-01T04:04:59.997Z" }
wheels = [
    { url = "https://files.pythonhosted.org/packages/28/76/e6222113b83e3622caa4bb41032d0b1bf785250607392e1b778aca0b8a7d/charset_normalizer-3.3.2-py3-none-any.whl", hash = "sha256:3e4d1f6587322d2788836a99c69062fbb091331ec940e02d12d179c1d53e25fc", size = 48543, upload-time = "2023-11-01T04:04:58.622Z" },
]

[[package]]
name = "click"
version = "8.4.2"
source = { registry = "https://pypi.org/simple" }
dependencies = [
    { name = "colorama", marker = "sys_platform == 'win32'" },
]
sdist = { url = "https://files.pythonhosted.org/packages/76/d4/81420972a676e8ffea40450d8c8c92943e7218a78fe9b64359836cc9876b/click-8.4.2.tar.gz", hash = "sha256:9a6cea6e60b17ebe0a44c5cc636d94f09bd66142c1cd7d8b4cd731c4917a15f6", size = 338000, upload-time = "2026-06-24T17:45:15.148Z" }
wheels = [
    { url = "https://files.pythonhosted.org/packages/fb/e2/79c688af8b210d232694e31e59da9f6ec747bae31c3f5946e4e9b98860d5/click-8.4.2-py3-none-any.whl", hash = "sha256:e6f9f66136c816745b9d65817da91d61d957fb16e02e4dcd0552553c5a197b76", size = 119243, upload-time = "2026-06-24T17:45:13.73Z" },
]

[[package]]
name = "colorama"
version = "0.4.6"
source = { registry = "https://pypi.org/simple" }
sdist = { url = "https://files.pythonhosted.org/packages/d8/53/6f443c9a4a8358a93a6792e2acffb9d9d5cb0a5cfd8802644b7b1c9a02e4/colorama-0.4.6.tar.gz", hash = "sha256:08695f5cb7ed6e0531a20572697297273c47b8cae5a63ffc6d6ed5c201be6e44", size = 27697, upload-time = "2022-10-25T02:36:22.414Z" }
wheels = [
    { url = "https://files.pythonhosted.org/packages/d1/d6/3965ed04c63042e047cb6a3e6ed1a63a35087b6a609aa3a15ed8ac56c221/colorama-0.4.6-py2.py3-none-any.whl", hash = "sha256:4f1d9991f5acc0ca119f9d443620b77f9d6b33703e51011c16baf57afb285fc6", size = 25335, upload-time = "2022-10-25T02:36:20.889Z" },
]

[[package]]
name = "colorlog"
version = "6.12.0"
source = { registry = "https://pypi.org/simple" }
dependencies = [
    { name = "colorama", marker = "sys_platform == 'win32'" },
]
sdist = { url = "https://files.pythonhosted.org/packages/8c/55/ba79756cb90c8d69d599d57785398ac87bba7b19c80e87f4e8a562197c93/colorlog-6.12.0.tar.gz", hash = "sha256:2a7924c1dadf18b22a0eb8b06d1c7b01d5341707ec1641eb6fcc4fde0c3e8e5f", size = 18151, upload-time = "2026-07-23T13:40:40.71Z" }
wheels = [
    { url = "https://files.pythonhosted.org/packages/d4/19/0b6647bf5e331521e55d2b63bfbdc210bd9cd605189273f03614a05f702d/colorlog-6.12.0-py3-none-any.whl", hash = "sha256:30d392604e9110045a2c2aeefc27d7a017abbab63f3a8aee594eac0801df784e", size = 12239, upload-time = "2026-07-23T13:40:39.562Z" },
]

[[package]]
name = "dep-logic"
version = "0.6.0"
source = { registry = "https://pypi.org/simple" }
dependencies = [
    { name = "packaging" },
]
sdist = { url = "https://files.pythonhosted.org/packages/fa/36/fda3791e19337f2cd5949cf695394f24b0ccd51c1c76e9ab7b99a355e3dc/dep_logic-0.6.0.tar.gz", hash = "sha256:0468874dd86caafd67f28e19257ef86c96f19b2236994f9fe9d793f9d92a6433", size = 36869, upload-time = "2026-05-19T11:18:47.719Z" }
wheels = [
    { url = "https://files.pythonhosted.org/packages/5a/dd/b01ce33bdb456cd281a3e252a88ef3e7ac4269e119fe0f32c3247c4d8ee2/dep_logic-0.6.0-py3-none-any.whl", hash = "sha256:f5aee31397cbddf9c197b88144ba51b178b4491adab4446deb0863cb58eeca04", size = 35755, upload-time = "2026-05-19T11:18:46.366Z" },
]

[[package]]
name = "dependency-groups"
version = "1.3.1"
source = { registry = "https://pypi.org/simple" }
dependencies = [
    { name = "packaging" },
]
sdist = { url = "https://files.pythonhosted.org/packages/62/55/f054de99871e7beb81935dea8a10b90cd5ce42122b1c3081d5282fdb3621/dependency_groups-1.3.1.tar.gz", hash = "sha256:78078301090517fd938c19f64a53ce98c32834dfe0dee6b88004a569a6adfefd", size = 10093, upload-time = "2025-05-02T00:34:29.452Z" }
wheels = [
    { url = "https://files.pythonhosted.org/packages/99/c7/d1ec24fb280caa5a79b6b950db565dab30210a66259d17d5bb2b3a9f878d/dependency_groups-1.3.1-py3-none-any.whl", hash = "sha256:51aeaa0dfad72430fcfb7bcdbefbd75f3792e5919563077f30bc0d73f4493030", size = 8664, upload-time = "2025-05-02T00:34:27.085Z" },
]

[[package]]
name = "dist-meta"
version = "0.9.0"
source = { registry = "https://pypi.org/simple" }
dependencies = [
    { name = "domdf-python-tools" },
    { name = "handy-archives" },
    { name = "packaging" },
]
sdist = { url = "https://files.pythonhosted.org/packages/ab/b6/fb5d09760948c0292321aa292dd658fb6f17e9d9daca8064a060249aa543/dist_meta-0.9.0.tar.gz", hash = "sha256:fa16ebd5574744a09596ab342083a11d7209d8d05cf32891d1c985be7ec0cbd7", size = 18713, upload-time = "2025-02-12T17:04:52.611Z" }
wheels = [
    { url = "https://files.pythonhosted.org/packages/1d/59/74d2029a2c7b6bcdf065c53f7aa2c5c0d3f7959c3fe2e07cf7b07a25c8eb/dist_meta-0.9.0-py3-none-any.whl", hash = "sha256:1d38a7f5e83ab2fc5e1fb9af92d995ec27718377d000c7318367db85a2ba07db", size = 27595, upload-time = "2025-02-12T17:04:51.464Z" },
]

[[package]]
name = "distlib"
version = "0.4.2"
source = { registry = "https://pypi.org/simple" }
sdist = { url = "https://files.pythonhosted.org/packages/46/8d/873e9252ea2c0e0c857884e0a2899ec43ade132345df1925ef24cbe64f18/distlib-0.4.2.tar.gz", hash = "sha256:baeb401c90f27acd15c4861ae0847d1e731c27ac3dbf4210643ba61fa1e813db", size = 614914, upload-time = "2026-06-08T16:24:15.439Z" }
wheels = [
    { url = "https://files.pythonhosted.org/packages/c1/60/aa891c893821d4d127292ed66c6940d1d715894bd5a0ce048056bc641773/distlib-0.4.2-py2.py3-none-any.whl", hash = "sha256:ca4cb11e5d746b5ec13c199cbf19ae27a241f89702b54e153a74332955446067", size = 470510, upload-time = "2026-06-08T16:24:13.208Z" },
]

[[package]]
name = "dom-toml"
version = "2.3.0"
source = { registry = "https://pypi.org/simple" }
dependencies = [
    { name = "domdf-python-tools" },
]
sdist = { url = "https://files.pythonhosted.org/packages/48/91/cdad3f64c5bbe7650fc617f2f756b28827dd5f30b9f7b78597ce3e96fcd2/dom_toml-2.3.0.tar.gz", hash = "sha256:04d1138a7588119ec37ffe59e6474739a7ce7fcfcdf76555a064878ad82e3ae0", size = 13041, upload-time = "2026-01-22T23:12:06.225Z" }
wheels = [
    { url = "https://files.pythonhosted.org/packages/43/cb/20465053f0f4854c261c038afce2703d71cc71d58035a53404128b1abfe7/dom_toml-2.3.0-py3-none-any.whl", hash = "sha256:bc2f985db6964de47b113783a6b18f1688693b2a47dec3c7451d3531ccab7029", size = 17505, upload-time = "2026-01-22T23:12:05.328Z" },
]

[[package]]
name = "domdf-python-tools"
version = "3.10.0"
source = { registry = "https://pypi.org/simple" }
dependencies = [
    { name = "natsort" },
    { name = "typing-extensions" },
]
sdist = { url = "https://files.pythonhosted.org/packages/36/8b/ab2d8a292bba8fe3135cacc8bfd3576710a14b8f2d0a8cde19130d5c9d21/domdf_python_tools-3.10.0.tar.gz", hash = "sha256:2ae308d2f4f1e9145f5f4ba57f840fbfd1c2983ee26e4824347789649d3ae298", size = 100458, upload-time = "2025-02-12T17:34:05.747Z" }
wheels = [
    { url = "https://files.pythonhosted.org/packages/5b/11/208f72084084d3f6a2ed5ebfdfc846692c3f7ad6dce65e400194924f7eed/domdf_python_tools-3.10.0-py3-none-any.whl", hash = "sha256:5e71c1be71bbcc1f881d690c8984b60e64298ec256903b3147f068bc33090c36", size = 126860, upload-time = "2025-02-12T17:34:04.093Z" },
]

[[package]]
name = "filelock"
version = "3.32.2"
source = { registry = "https://pypi.org/simple" }
sdist = { url = "https://files.pythonhosted.org/packages/f6/57/3ba6e6cb097f85b855b00163d169f35365f44277df044dcf96d55b8f62a3/filelock-3.32.2.tar.gz", hash = "sha256:c33351e1f49cae33414acbc6d56784e6ecee82514ec90795da1161fc4836b5b8", size = 217172, upload-time = "2026-07-29T22:46:04.895Z" }
wheels = [
    { url = "https://files.pythonhosted.org/packages/c1/e8/72f8cef9fdfeffe06213fe8508039396ee48daa0e3259457ed766173bfd6/filelock-3.32.2-py3-none-any.whl", hash = "sha256:87dd94cf281e586d135fa51132b8e3d9a598b316e90377a288663c9321036c82", size = 98830, upload-time = "2026-07-29T22:46:03.52Z" },
]

[[package]]
name = "freezegun"
version = "1.5.5"
source = { registry = "https://pypi.org/simple" }
dependencies = [
    { name = "python-dateutil" },
]
sdist = { url = "https://files.pythonhosted.org/packages/95/dd/23e2f4e357f8fd3bdff613c1fe4466d21bfb00a6177f238079b17f7b1c84/freezegun-1.5.5.tar.gz", hash = "sha256:ac7742a6cc6c25a2c35e9292dfd554b897b517d2dec26891a2e8debf205cb94a", size = 35914, upload-time = "2025-08-09T10:39:08.338Z" }
wheels = [
    { url = "https://files.pythonhosted.org/packages/5e/2e/b41d8a1a917d6581fc27a35d05561037b048e47df50f27f8ac9c7e27a710/freezegun-1.5.5-py3-none-any.whl", hash = "sha256:cd557f4a75cf074e84bc374249b9dd491eaeacd61376b9eb3c423282211619d2", size = 19266, upload-time = "2025-08-09T10:39:06.636Z" },
]

[[package]]
name = "handy-archives"
version = "0.2.0"
source = { registry = "https://pypi.org/simple" }
sdist = { url = "https://files.pythonhosted.org/packages/0d/c1/de653344a7be2aea0c3123d0ad1ea55fa56ced0e6336f98d5542a64d28e9/handy_archives-0.2.0.tar.gz", hash = "sha256:fba21101fd9e29d5e3b72823261aaae06b9350686f0d2067786d64dce73eb3f6", size = 8863, upload-time = "2023-07-31T14:38:43.566Z" }
wheels = [
    { url = "https://files.pythonhosted.org/packages/f9/e5/23451e1cee169259fbc98d2b2ed7b1c3711b707355896c9c3761325ddb01/handy_archives-0.2.0-py3-none-any.whl", hash = "sha256:8495e08f3cd1c452fe65570db1869db07f709149f85c7e9cd8f3f461df436318", size = 8965, upload-time = "2023-07-31T14:38:42.448Z" },
]

[[package]]
name = "humanize"
version = "4.16.0"
source = { registry = "https://pypi.org/simple" }
sdist = { url = "https://files.pythonhosted.org/packages/0a/ea/13a1ef3c12d12662905801495283530251918b70d62d368f1d2e0272c70d/humanize-4.16.0.tar.gz", hash = "sha256:7dc2244a2f84a4bfb1d36c37bac80cd78e35cdc5c119206d87b018e1445f3a3f", size = 89515, upload-time = "2026-06-30T16:17:29.859Z" }
wheels = [
    { url = "https://files.pythonhosted.org/packages/b0/aa/0b7365d30fed43e7a3449aba1fe20a0a7174d9cf13e282af4e69ac825441/humanize-4.16.0-py3-none-any.whl", hash = "sha256:353eb2f34c09d098b2880eee8bef21832eae6d174f48c5762fff7e5fcb74d01d", size = 137209, upload-time = "2026-06-30T16:17:28.36Z" },
]

[[package]]
name = "idna"
version = "3.18"
source = { registry = "https://pypi.org/simple" }
sdist = { url = "https://files.pythonhosted.org/packages/cd/63/9496c57188a2ee585e0f1db071d75089a11e98aa86eb99d9d7618fc1edce/idna-3.18.tar.gz", hash = "sha256:ffb385a7e039654cef1ab9ef32c6fafe283c0c0467bba1d9029738ce4a14a848", size = 196711, upload-time = "2026-06-02T14:34:07.794Z" }
wheels = [
    { url = "https://files.pythonhosted.org/packages/1e/5e/d4e9f1a599fb8e573b7b87160658329fbf28d19eac2718f51fc3def3aa5a/idna-3.18-py3-none-any.whl", hash = "sha256:7f952cbe720b688055e3f87de14f5c3e5fdaa8bc3928985c4077ca689de849a2", size = 65455, upload-time = "2026-06-02T14:34:06.319Z" },
]

[[package]]
name = "iniconfig"
version = "2.3.0"
source = { registry = "https://pypi.org/simple" }
sdist = { url = "https://files.pythonhosted.org/packages/72/34/14ca021ce8e5dfedc35312d08ba8bf51fdd999c576889fc2c24cb97f4f10/iniconfig-2.3.0.tar.gz", hash = "sha256:c76315c77db068650d49c5b56314774a7804df16fee4402c1f19d6d15d8c4730", size = 20503, upload-time = "2025-10-18T21:55:43.219Z" }
wheels = [
    { url = "https://files.pythonhosted.org/packages/cb/b1/3846dd7f199d53cb17f49cba7e651e9ce294d8497c8c150530ed11865bb8/iniconfig-2.3.0-py3-none-any.whl", hash = "sha256:f631c04d2c48c52b84d0d0549c99ff3859c98df65b3101406327ecc7d53fbf12", size = 7484, upload-time = "2025-10-18T21:55:41.639Z" },
]

[[package]]
name = "license-expression"
version = "30.4.4"
source = { registry = "https://pypi.org/simple" }
dependencies = [
    { name = "boolean-py" },
]
sdist = { url = "https://files.pythonhosted.org/packages/40/71/d89bb0e71b1415453980fd32315f2a037aad9f7f70f695c7cec7035feb13/license_expression-30.4.4.tar.gz", hash = "sha256:73448f0aacd8d0808895bdc4b2c8e01a8d67646e4188f887375398c761f340fd", size = 186402, upload-time = "2025-07-22T11:13:32.17Z" }
wheels = [
    { url = "https://files.pythonhosted.org/packages/af/40/791891d4c0c4dab4c5e187c17261cedc26285fd41541577f900470a45a4d/license_expression-30.4.4-py3-none-any.whl", hash = "sha256:421788fdcadb41f049d2dc934ce666626265aeccefddd25e162a26f23bcbf8a4", size = 120615, upload-time = "2025-07-22T11:13:31.217Z" },
]

[[package]]
name = "natsort"
version = "8.4.0"
source = { registry = "https://pypi.org/simple" }
sdist = { url = "https://files.pythonhosted.org/packages/e2/a9/a0c57aee75f77794adaf35322f8b6404cbd0f89ad45c87197a937764b7d0/natsort-8.4.0.tar.gz", hash = "sha256:45312c4a0e5507593da193dedd04abb1469253b601ecaf63445ad80f0a1ea581", size = 76575, upload-time = "2023-06-20T04:17:19.925Z" }
wheels = [
    { url = "https://files.pythonhosted.org/packages/ef/82/7a9d0550484a62c6da82858ee9419f3dd1ccc9aa1c26a1e43da3ecd20b0d/natsort-8.4.0-py3-none-any.whl", hash = "sha256:4732914fb471f56b5cce04d7bae6f164a592c7712e1c85f9ef585e197299521c", size = 38268, upload-time = "2023-06-20T04:17:17.522Z" },
]

[[package]]
name = "nox"
version = "2026.7.11"
source = { registry = "https://pypi.org/simple" }
dependencies = [
    { name = "argcomplete" },
    { name = "attrs" },
    { name = "colorlog" },
    { name = "dependency-groups" },
    { name = "humanize" },
    { name = "packaging" },
    { name = "virtualenv" },
]
sdist = { url = "https://files.pythonhosted.org/packages/75/bf/aafe066019cb1bcd3e1c22957412d6eb560bd6553c1afd28502168a51418/nox-2026.7.11.tar.gz", hash = "sha256:dec9bd2c854540a2d5c0b841eaaf1d23a7c26cd90af36d9f1f1668b34524bfd9", size = 4042267, upload-time = "2026-07-12T00:32:19.859Z" }
wheels = [
    { url = "https://files.pythonhosted.org/packages/a0/70/4b459b66bbd7c9be3c9b15f2cf1605bbe10f58c6395fd99a59a21f3c0777/nox-2026.7.11-py3-none-any.whl", hash = "sha256:f5e811693ee8374d269396204eb39990d2084da67ed968239f94301805c9a169", size = 77265, upload-time = "2026-07-12T00:32:18.07Z" },
]

[[package]]
name = "nox-uv"
version = "0.8.0"
source = { registry = "https://pypi.org/simple" }
dependencies = [
    { name = "nox" },
]
sdist = { url = "https://files.pythonhosted.org/packages/3e/b8/5a186592e002ac454450d6a43d6171b6207b0b4141db78464f7d4672ae8d/nox_uv-0.8.0.tar.gz", hash = "sha256:609595d9c4983b1c4abe8b44299b4223fb876f3794012a633c94acae697ed485", size = 5324, upload-time = "2026-05-12T02:16:55.269Z" }
wheels = [
    { url = "https://files.pythonhosted.org/packages/02/94/a2dae05f049990adff252037252da412f56fadd358fb3eca474c838c3dc3/nox_uv-0.8.0-py3-none-any.whl", hash = "sha256:f62c0e016fd8403fd4352ec1e6eb06d6f9967adc44bba74524d7f74da5ac1b19", size = 5628, upload-time = "2026-05-12T02:16:57.372Z" },
]

[[package]]
name = "packaging"
version = "26.3"
source = { registry = "https://pypi.org/simple" }
sdist = { url = "https://files.pythonhosted.org/packages/7d/fa/3944b40b07da9ce895c0e6303a5ab7d53da063554f534556b134a54d6093/packaging-26.3.tar.gz", hash = "sha256:94edc256424af38762eb31306eed28beb9f0efc50a8837492c9d6fd6004aed79", size = 313412, upload-time = "2026-08-04T18:15:28.737Z" }
wheels = [
    { url = "https://files.pythonhosted.org/packages/63/34/ba1c580383c9eada3711951fef0795c80b829a078d72188184bcab9dd527/packaging-26.3-py3-none-any.whl", hash = "sha256:d7193f7c8e4e93f444fde0262bf90af30e16fa0ad0ad44cb553c87339b23cd1c", size = 129956, upload-time = "2026-08-04T18:15:27.159Z" },
]

[[package]]
name = "platformdirs"
version = "4.11.1"
source = { registry = "https://pypi.org/simple" }
sdist = { url = "https://files.pythonhosted.org/packages/36/0a/062135c9a98dac804265073cc3afdbec5ae1aa37980bb354f461bafe81b4/platformdirs-4.11.1.tar.gz", hash = "sha256:bb1af68078f25e2f3e111e2d43b8d536df41b73c8a684b40bb018223b66fae27", size = 32396, upload-time = "2026-08-07T23:06:48.516Z" }
wheels = [
    { url = "https://files.pythonhosted.org/packages/4c/85/9b31b44296cfa3bb56cddb35e6a0f6578bab0b490c0806c0245e32c6110c/platformdirs-4.11.1-py3-none-any.whl", hash = "sha256:2efd27d363e8dd2e661639ffb398865a5e0a46442a11d266bf375a0e0c10e386", size = 23261, upload-time = "2026-08-07T23:06:47.219Z" },
]

[[package]]
name = "pluggy"
version = "1.6.0"
source = { registry = "https://pypi.org/simple" }
sdist = { url = "https://files.pythonhosted.org/packages/f9/e2/3e91f31a7d2b083fe6ef3fa267035b518369d9511ffab804f839851d2779/pluggy-1.6.0.tar.gz", hash = "sha256:7dcc130b76258d33b90f61b658791dede3486c3e6bfb003ee5c9bfb396dd22f3", size = 69412, upload-time = "2025-05-15T12:30:07.975Z" }
wheels = [
    { url = "https://files.pythonhosted.org/packages/54/20/4d324d65cc6d9205fabedc306948156824eb9f0ee1633355a8f7ec5c66bf/pluggy-1.6.0-py3-none-any.whl", hash = "sha256:e920276dd6813095e9377c0bc5566d94c932c33b27a3e3945d8389c374dd4746", size = 20538, upload-time = "2025-05-15T12:30:06.134Z" },
]

[[package]]
name = "prek"
version = "0.4.12"
source = { registry = "https://pypi.org/simple" }
sdist = { url = "https://files.pythonhosted.org/packages/fc/5c/cb6e63f7e5a58a5313ddb70409174f4dc004e4b0910b8a8d3f59b2225a95/prek-0.4.12.tar.gz", hash = "sha256:04beeba7f40437cd2f36804b84101bd7f3c9fb40b52da46a25604642ab2bfb09", size = 519080, upload-time = "2026-08-03T11:28:33.147Z" }
wheels = [
    { url = "https://files.pythonhosted.org/packages/f3/23/5811a3161e072e5f93e4da01af611ee30c32922507b8ab4d9873df6affd3/prek-0.4.12-py3-none-linux_armv6l.whl", hash = "sha256:cd92000b051e433f26340821cf1cc8e6e3960f1275f3d516ca01f05905abba64", size = 5793226, upload-time = "2026-08-03T11:28:09.534Z" },
    { url = "https://files.pythonhosted.org/packages/a3/88/8607845d94eb1482e1bd335dadf098618f077a15775f7e98de99669052b4/prek-0.4.12-py3-none-macosx_10_12_x86_64.whl", hash = "sha256:5904fe6c6ab26e7d8792a3c7f1e3fc8d94fcfb63ad33b247c35f004b62cb6275", size = 6132269, upload-time = "2026-08-03T11:28:11.147Z" },
    { url = "https://files.pythonhosted.org/packages/ac/28/571d79ba457fbd9ecf40ae879c91952e12f5fa475306218c91139b86db7a/prek-0.4.12-py3-none-macosx_11_0_arm64.whl", hash = "sha256:df3eff1db9c24dc293010a07bc7a0ae0c541d55af828f5586405dedc28c4920d", size = 5614964, upload-time = "2026-08-03T11:28:12.983Z" },
    { url = "https://files.pythonhosted.org/packages/b0/a9/3f5cb79a73c764a8ac38d5bcd51e0df57239856eca7949b09bdac4338bf3/prek-0.4.12-py3-none-manylinux_2_17_aarch64.manylinux2014_aarch64.musllinux_1_1_aarch64.whl", hash = "sha256:c7733b44ca772ea32ec6a8bee669d0358bdf45873e79767afed196065084f31c", size = 5941047, upload-time = "2026-08-03T11:28:14.45Z" },
    { url = "https://files.pythonhosted.org/packages/8c/00/1dfed0ef8af10c5c32aa903486dccd33d2df171f3d945a037c5692f10760/prek-0.4.12-py3-none-manylinux_2_17_armv7l.manylinux2014_armv7l.whl", hash = "sha256:87f170cf1ffd6e3a196f947b83dff1f6c2cd68635f8d49740278bebe7b682262", size = 5707994, upload-time = "2026-08-03T11:28:15.914Z" },
    { url = "https://files.pythonhosted.org/packages/c0/bd/5f388f6cbdc0445b850e7c1a160d0be67fcef8bf221e3c8141a1feccef17/prek-0.4.12-py3-none-manylinux_2_17_i686.manylinux2014_i686.whl", hash = "sha256:57dad513831f060cf73808df8edec29d46ec311435aa69f21c80edebf23dc5e1", size = 6133784, upload-time = "2026-08-03T11:28:17.184Z" },
    { url = "https://files.pythonhosted.org/packages/ba/47/342091a987bf68a74acec6d226a40ce7d51faf0019aa4126cc7bc952f8a7/prek-0.4.12-py3-none-manylinux_2_17_s390x.manylinux2014_s390x.whl", hash = "sha256:b204844abc7ded983471f576ae8dc13b99e9b8d022e4d4b46176c6654769c9d8", size = 6901589, upload-time = "2026-08-03T11:28:18.545Z" },
    { url = "https://files.pythonhosted.org/packages/5b/8a/3ef7bdc3c3441649ebc040b9e164a13163e1e5fabae23e7bbb901992f3de/prek-0.4.12-py3-none-manylinux_2_17_x86_64.manylinux2014_x86_64.whl", hash = "sha256:43b0a5a9d3f2f77871fdcb7893bfc5c8fe7e44f4e603ce6e4712bfec96b2d6f2", size = 6342189, upload-time = "2026-08-03T11:28:20Z" },
    { url = "https://files.pythonhosted.org/packages/c4/da/6277908442301b1b92a2879f6b04aaa03accb900f80e42776fc28b8197ef/prek-0.4.12-py3-none-manylinux_2_28_aarch64.whl", hash = "sha256:0d188e572c306cc44b96e1bae5647e25b7bd311113f3f3f4a67320c257ee64a3", size = 5951250, upload-time = "2026-08-03T11:28:21.339Z" },
    { url = "https://files.pythonhosted.org/packages/a3/68/bff51a7332837edb1ecbe017325adb7fafd69b9c7828ddc81a1334b884af/prek-0.4.12-py3-none-manylinux_2_31_riscv64.whl", hash = "sha256:986f52d104b7066190f0f32aebe3467710356de265e9bfd892101ba99371db4d", size = 5804147, upload-time = "2026-08-03T11:28:22.656Z" },
    { url = "https://files.pythonhosted.org/packages/aa/de/b7f544971072ed7814125145dfeb1f7c15cce6b78ccea65a96298ff37838/prek-0.4.12-py3-none-musllinux_1_1_armv7l.whl", hash = "sha256:13e34d9e09bafcbf1f25a01cf86985e2c5e486591d3f45b2786ba3de82e5153a", size = 5680104, upload-time = "2026-08-03T11:28:24.271Z" },
    { url = "https://files.pythonhosted.org/packages/68/94/95942bcc20a6a91ec2989aa30fdeb00ad095be736ec48b4bbcf0376166b1/prek-0.4.12-py3-none-musllinux_1_1_i686.whl", hash = "sha256:3d0208370da73e8b5bc97f2492dc3975f8dd2c22f4bf6e1f2cf3342503764b52", size = 5975030, upload-time = "2026-08-03T11:28:25.683Z" },
    { url = "https://files.pythonhosted.org/packages/ef/6d/26e6497198d81cf9aa82495400aef46adea8df3e4a4efc5f00e3b6ab3292/prek-0.4.12-py3-none-musllinux_1_1_x86_64.whl", hash = "sha256:b1005f42920111bec1403c25e8f2f12ec7af0be06686cc3b8dcf85429af908a8", size = 6458532, upload-time = "2026-08-03T11:28:27.121Z" },
    { url = "https://files.pythonhosted.org/packages/44/02/ee140c2eb4701bd194db429d84630733492be94897d5f72b61d6f11e6619/prek-0.4.12-py3-none-win32.whl", hash = "sha256:afee229488dcceaea282288e4d7096a93da5a8b85649d9ef506dbdbcd78f38a7", size = 5502213, upload-time = "2026-08-03T11:28:28.691Z" },
    { url = "https://files.pythonhosted.org/packages/e5/7b/744cff84def48c1ce38c0b4f643a3553c66976c5bb7869ab7317044870e4/prek-0.4.12-py3-none-win_amd64.whl", hash = "sha256:fdd27bad8adafea8fe77606950ca09200d59296a47ab131cfb88718d460949d7", size = 5868065, upload-time = "2026-08-03T11:28:30.377Z" },
    { url = "https://files.pythonhosted.org/packages/46/1d/e2c0fc222904ef73df1739b11a83edc29e38bc4bc61259f2ca6d2f15abb0/prek-0.4.12-py3-none-win_arm64.whl", hash = "sha256:45e34a24fba4a4e4568682477158591698efc2375b8d1d418ae424691c4bd01b", size = 5632819, upload-time = "2026-08-03T11:28:31.743Z" },
]

[[package]]
name = "pygments"
version = "2.20.0"
source = { registry = "https://pypi.org/simple" }
sdist = { url = "https://files.pythonhosted.org/packages/c3/b2/bc9c9196916376152d655522fdcebac55e66de6603a76a02bca1b6414f6c/pygments-2.20.0.tar.gz", hash = "sha256:6757cd03768053ff99f3039c1a36d6c0aa0b263438fcab17520b30a303a82b5f", size = 4955991, upload-time = "2026-03-29T13:29:33.898Z" }
wheels = [
    { url = "https://files.pythonhosted.org/packages/f4/7e/a72dd26f3b0f4f2bf1dd8923c85f7ceb43172af56d63c7383eb62b332364/pygments-2.20.0-py3-none-any.whl", hash = "sha256:81a9e26dd42fd28a23a2d169d86d7ac03b46e2f8b59ed4698fb4785f946d0176", size = 1231151, upload-time = "2026-03-29T13:29:30.038Z" },
]

[[package]]
name = "pyproject-parser"
version = "0.14.0"
source = { registry = "https://pypi.org/simple" }
dependencies = [
    { name = "apeye-core" },
    { name = "attrs" },
    { name = "dom-toml" },
    { name = "domdf-python-tools" },
    { name = "license-expression" },
    { name = "natsort" },
    { name = "packaging" },
    { name = "shippinglabel" },
    { name = "typing-extensions" },
]
sdist = { url = "https://files.pythonhosted.org/packages/a4/c9/349559ef168faded88c404997c494684e0b1a4aa8600b1af8f9f6c0ba590/pyproject_parser-0.14.0.tar.gz", hash = "sha256:4047bd9a25115e400199e672cd9d8f8ba405d8148d65a76cbf3afbcf77e966e2", size = 26631, upload-time = "2025-12-11T17:51:03.981Z" }
wheels = [
    { url = "https://files.pythonhosted.org/packages/b3/c8/adffda2d70ae4090dc709b991c0f1749bc6917ba5168a5364a5db728a07a/pyproject_parser-0.14.0-py3-none-any.whl", hash = "sha256:10adf69e48c2dcfb993f94b4981acfd7d0a201846bce17a67c9736f42505e790", size = 34890, upload-time = "2025-12-11T17:51:02.947Z" },
]

[[package]]
name = "pytest"
version = "9.0.3"
source = { registry = "https://pypi.org/simple" }
dependencies = [
    { name = "colorama", marker = "sys_platform == 'win32'" },
    { name = "iniconfig" },
    { name = "packaging" },
    { name = "pluggy" },
    { name = "pygments" },
]
sdist = { url = "https://files.pythonhosted.org/packages/7d/0d/549bd94f1a0a402dc8cf64563a117c0f3765662e2e668477624baeec44d5/pytest-9.0.3.tar.gz", hash = "sha256:b86ada508af81d19edeb213c681b1d48246c1a91d304c6c81a427674c17eb91c", size = 1572165, upload-time = "2026-04-07T17:16:18.027Z" }
wheels = [
    { url = "https://files.pythonhosted.org/packages/d4/24/a372aaf5c9b7208e7112038812994107bc65a84cd00e0354a88c2c77a617/pytest-9.0.3-py3-none-any.whl", hash = "sha256:2c5efc453d45394fdd706ade797c0a81091eccd1d6e4bccfcd476e2b8e0ab5d9", size = 375249, upload-time = "2026-04-07T17:16:16.13Z" },
]

[[package]]
name = "pytest-freezer"
version = "0.4.9"
source = { registry = "https://pypi.org/simple" }
dependencies = [
    { name = "freezegun" },
    { name = "pytest" },
]
sdist = { url = "https://files.pythonhosted.org/packages/81/f0/98dcbc5324064360b19850b14c84cea9ca50785d921741dbfc442346e925/pytest_freezer-0.4.9.tar.gz", hash = "sha256:21bf16bc9cc46bf98f94382c4b5c3c389be7056ff0be33029111ae11b3f1c82a", size = 3177, upload-time = "2024-12-12T08:53:08.684Z" }
wheels = [
    { url = "https://files.pythonhosted.org/packages/c1/e9/30252bc05bcf67200a17f4f0b4cc7598f0a68df4fa9fa356193aa899f145/pytest_freezer-0.4.9-py3-none-any.whl", hash = "sha256:8b6c50523b7d4aec4590b52bfa5ff766d772ce506e2bf4846c88041ea9ccae59", size = 3192, upload-time = "2024-12-12T08:53:07.641Z" },
]

[[package]]
name = "python-dateutil"
version = "2.8.2"
source = { registry = "https://pypi.org/simple" }
dependencies = [
    { name = "six" },
]
sdist = { url = "https://files.pythonhosted.org/packages/4c/c4/13b4776ea2d76c115c1d1b84579f3764ee6d57204f6be27119f13a61d0a9/python-dateutil-2.8.2.tar.gz", hash = "sha256:0123cacc1627ae19ddf3c27a5de5bd67ee4586fbdd6440d9748f8abb483d3e86", size = 357324, upload-time = "2021-07-14T08:19:19.783Z" }
wheels = [
    { url = "https://files.pythonhosted.org/packages/36/7a/87837f39d0296e723bb9b62bbb257d0355c7f6128853c78955f57342a56d/python_dateutil-2.8.2-py2.py3-none-any.whl", hash = "sha256:961d03dc3453ebbc59dbdea9e4e11c5651520a876d0f4db161e8674aae935da9", size = 247702, upload-time = "2021-07-14T08:19:18.161Z" },
]

[[package]]
name = "python-discovery"
version = "1.5.1"
source = { registry = "https://pypi.org/simple" }
dependencies = [
    { name = "filelock" },
]
sdist = { url = "https://files.pythonhosted.org/packages/04/b7/1581a8103855c43567776aa34135e5ec3c597346c23bfd10c7eb5e0b10a4/python_discovery-1.5.1.tar.gz", hash = "sha256:e2ea8b884cd1701f386eda8cf327b87743f1dc21b7f784470799537d95635384", size = 77200, upload-time = "2026-07-31T22:06:02.48Z" }
wheels = [
    { url = "https://files.pythonhosted.org/packages/6a/07/a89b539750a159d5101c4eb9fc84e2961f65cefbd5e0b7440b284471c0b0/python_discovery-1.5.1-py3-none-any.whl", hash = "sha256:ac07f44cade589d954e9d6a1e1468539fdddd2cf676beb51da73e0f156b7c932", size = 35752, upload-time = "2026-07-31T22:06:01.116Z" },
]

[[package]]
name = "requests"
version = "2.34.2"
source = { registry = "https://pypi.org/simple" }
dependencies = [
    { name = "certifi" },
    { name = "charset-normalizer" },
    { name = "idna" },
    { name = "urllib3" },
]
sdist = { url = "https://files.pythonhosted.org/packages/ac/c3/e2a2b89f2d3e2179abd6d00ebd70bff6273f37fb3e0cc209f48b39d00cbf/requests-2.34.2.tar.gz", hash = "sha256:f288924cae4e29463698d6d60bc6a4da69c89185ad1e0bcc4104f584e960b9ed", size = 142856, upload-time = "2026-05-14T19:25:27.735Z" }
wheels = [
    { url = "https://files.pythonhosted.org/packages/a0/f4/c67b0b3f1b9245e8d266f0f112c500d50e5b4e83cb6f3b71b6528104182a/requests-2.34.2-py3-none-any.whl", hash = "sha256:2a0d60c172f83ac6ab31e4554906c0f3b3588d37b5cb939b1c061f4907e278e0", size = 73075, upload-time = "2026-05-14T19:25:26.443Z" },
]

[[package]]
name = "shippinglabel"
version = "2.3.0"
source = { registry = "https://pypi.org/simple" }
dependencies = [
    { name = "dist-meta" },
    { name = "dom-toml" },
    { name = "domdf-python-tools" },
    { name = "packaging" },
    { name = "typing-extensions" },
]
sdist = { url = "https://files.pythonhosted.org/packages/43/fc/6d6e3d96d05d67c9edd0978b34e914f128d098d6140ebc713a814441bada/shippinglabel-2.3.0.tar.gz", hash = "sha256:25c0c3194c011c0355dff8f56cc0b31688f693b209f5849d44991d8a2ec91f2f", size = 24754, upload-time = "2025-05-08T14:12:44.846Z" }
wheels = [
    { url = "https://files.pythonhosted.org/packages/f2/25/67b56716355bed5477be57fed54c9d4d7c81518011bc1fa79b35bbf85702/shippinglabel-2.3.0-py3-none-any.whl", hash = "sha256:37811ae077f4a40e524efa013a136e3e2d295a96ad149a4e84b7788dd7f3b64a", size = 29992, upload-time = "2025-05-08T14:12:43.304Z" },
]

[[package]]
name = "six"
version = "1.17.0"
source = { registry = "https://pypi.org/simple" }
sdist = { url = "https://files.pythonhosted.org/packages/94/e7/b2c673351809dca68a0e064b6af791aa332cf192da575fd474ed7d6f16a2/six-1.17.0.tar.gz", hash = "sha256:ff70335d468e7eb6ec65b95b99d3a2836546063f63acc5171de367e834932a81", size = 34031, upload-time = "2024-12-04T17:35:28.174Z" }
wheels = [
    { url = "https://files.pythonhosted.org/packages/b7/ce/149a00dd41f10bc29e5921b496af8b574d8413afcd5e30dfa0ed46c2cc5e/six-1.17.0-py2.py3-none-any.whl", hash = "sha256:4721f391ed90541fddacab5acf947aa0d3dc7d27b2e1e8eda2be8970586c3274", size = 11050, upload-time = "2024-12-04T17:35:26.475Z" },
]

[[package]]
name = "ty"
version = "0.0.69"
source = { registry = "https://pypi.org/simple" }
sdist = { url = "https://files.pythonhosted.org/packages/8e/5b/7a618632dfe9373b7df572ecd7a08c8f799d772fbc317da82dd3aa363207/ty-0.0.69.tar.gz", hash = "sha256:b65106e9ff24fa76e25e1142fb09c85244e815c40450e3021d2bf652c231bb43", size = 6565094, upload-time = "2026-08-06T10:04:25.667Z" }
wheels = [
    { url = "https://files.pythonhosted.org/packages/06/60/6534092f4d2c15e2491807edd609c2e50d527c1fed957acf40b9f110b64a/ty-0.0.69-py3-none-linux_armv6l.whl", hash = "sha256:98bfd383b273540829af673e7f98b9c1c4bcc8547d12a1a3806cd0bec7f0e087", size = 12364185, upload-time = "2026-08-06T10:03:47.137Z" },
    { url = "https://files.pythonhosted.org/packages/34/2b/5c29689bd4f74c2e3394d983d85e4011b629f2ce3730c9442553b8554bf8/ty-0.0.69-py3-none-macosx_10_12_x86_64.whl", hash = "sha256:964621ddd05771660017c51b4e74078d861d9fc863c21ef2a500db1ab62c9ccf", size = 12042510, upload-time = "2026-08-06T10:03:49.481Z" },
    { url = "https://files.pythonhosted.org/packages/09/46/fa085bde4d23516d7ef14b24736fc5dd7dc498f60f52b3d077e59ffdea20/ty-0.0.69-py3-none-macosx_11_0_arm64.whl", hash = "sha256:3ffea4048dd0da4c9c97393b4be0901098a9065b06fa81be2477cbde65d8a151", size = 11549397, upload-time = "2026-08-06T10:03:51.747Z" },
    { url = "https://files.pythonhosted.org/packages/25/cc/97b9efb2061dcab6fef1e94a4ad99df0bb45bd2cc15d4f5794c787ee0552/ty-0.0.69-py3-none-manylinux_2_17_aarch64.manylinux2014_aarch64.whl", hash = "sha256:a8684d4a70aadd1eab0f41bdba835e3288ef49db8402a8e6ca81bab52ed5d610", size = 12115567, upload-time = "2026-08-06T10:03:53.79Z" },
    { url = "https://files.pythonhosted.org/packages/e0/c1/a5e0404965093835f3e62544e661784ec0aa8ef0b006ed50af50b19c107e/ty-0.0.69-py3-none-manylinux_2_17_armv7l.manylinux2014_armv7l.whl", hash = "sha256:afaaba240ab4122e2069a796836d10be81b4ddb053ae268b3dff962a0b4ca5c7", size = 12149770, upload-time = "2026-08-06T10:03:55.993Z" },
    { url = "https://files.pythonhosted.org/packages/e2/39/8cad6b205a4abe8a044ca0c84aea71e8ccda29b07a75a5f090e310605580/ty-0.0.69-py3-none-manylinux_2_17_i686.manylinux2014_i686.whl", hash = "sha256:11ea63ef07d4e33aeb1a775cf5f2c736b3ed22fa6f8b1b608591612c36795044", size = 12941278, upload-time = "2026-08-06T10:03:58.324Z" },
    { url = "https://files.pythonhosted.org/packages/d6/8b/8766d96b732c2a060d70dc8ccafcc4d6a54109a2a95f1deb0705de88892b/ty-0.0.69-py3-none-manylinux_2_17_ppc64le.manylinux2014_ppc64le.whl", hash = "sha256:cb3730b1268e92a2907d7aea3afe8dd1b360ae65862f0557080cf479d481b424", size = 13426509, upload-time = "2026-08-06T10:04:00.621Z" },
    { url = "https://files.pythonhosted.org/packages/02/1f/e991b2cde953ea5b94d6a9a4c45c87937bd916bc09235f764407bf471c0a/ty-0.0.69-py3-none-manylinux_2_17_s390x.manylinux2014_s390x.whl", hash = "sha256:a544ff57a752ef186ed40b5a2f44c17402af4cdefeb74a311ca02ebd57c4fca0", size = 13106582, upload-time = "2026-08-06T10:04:02.818Z" },
    { url = "https://files.pythonhosted.org/packages/ea/bb/73538f1b99e3558fd9db87b98698426f0f60fc8666da0b1efd0e70e275eb/ty-0.0.69-py3-none-manylinux_2_17_x86_64.manylinux2014_x86_64.whl", hash = "sha256:87ed2cbca20caddfdf8e3e14d213ce91b67e75feed78900f4aaf3ef884954028", size = 12708931, upload-time = "2026-08-06T10:04:05.233Z" },
    { url = "https://files.pythonhosted.org/packages/87/cd/484a5208d74c4ad1155933906295ccdce9aa81a257d8df2ab9e41bd60133/ty-0.0.69-py3-none-manylinux_2_31_riscv64.whl", hash = "sha256:2684efcbce5b6fe45045faf610b377b50781b6d2aa7e61ea23ecf5b3d2bce421", size = 12985322, upload-time = "2026-08-06T10:04:07.587Z" },
    { url = "https://files.pythonhosted.org/packages/6e/81/b75003f0d4da9ab3bc8fd4f4802f836cb9921ff7e70f460604f7b769a0b5/ty-0.0.69-py3-none-musllinux_1_2_aarch64.whl", hash = "sha256:da9aeb26fdac1d2214937542b59e0d4d1ba94ec7a3f45444f33c846de1eb1d63", size = 12063910, upload-time = "2026-08-06T10:04:09.835Z" },
    { url = "https://files.pythonhosted.org/packages/8a/76/088469f547ef63dceefc4a75826aedee5014f9371dc5171cde931896a82c/ty-0.0.69-py3-none-musllinux_1_2_armv7l.whl", hash = "sha256:00e7677cd14ede381f705f71104ea7b8ea0ce217a8634e19a89781953de0e9ad", size = 12166823, upload-time = "2026-08-06T10:04:12.114Z" },
    { url = "https://files.pythonhosted.org/packages/0a/c9/ce88a0bec0d46d8ae180b99c6ec014866fecc4cba1727b5feec8877b2765/ty-0.0.69-py3-none-musllinux_1_2_i686.whl", hash = "sha256:d91965eb799649833d0d6042db09cd03d15289125245337cc46a2606effb7bda", size = 12483136, upload-time = "2026-08-06T10:04:14.33Z" },
    { url = "https://files.pythonhosted.org/packages/63/9e/6fae0ff225a0012642cf72c077e20f8f448c0a80771bc3360e8178fe2f32/ty-0.0.69-py3-none-musllinux_1_2_x86_64.whl", hash = "sha256:1f03359cd8e5c412aa0c181118fa9b9061a4dddaedbb61bac0a424fb0814d402", size = 12799025, upload-time = "2026-08-06T10:04:16.445Z" },
    { url = "https://files.pythonhosted.org/packages/e4/43/78a658d18b2a4ccf35b053392f2213bf12e3c63b2abea512d3b6751d1f4c/ty-0.0.69-py3-none-win32.whl", hash = "sha256:ec460e01586b1eb91894c4a8403bee3e045a47e7a4ada943cc27ce8e348e88cf", size = 11787774, upload-time = "2026-08-06T10:04:18.622Z" },
    { url = "https://files.pythonhosted.org/packages/3a/5e/88db1f674403f2b81316a853a44a81ed220621fa96f8f7ae586fb6ca7513/ty-0.0.69-py3-none-win_amd64.whl", hash = "sha256:18976ca26a4e28fc3249477f79a695d5502e670803f2e080d89ac905baef3c6e", size = 12864038, upload-time = "2026-08-06T10:04:20.748Z" },
    { url = "https://files.pythonhosted.org/packages/4d/7b/6fc6efd00c69103d70f2bdbe824343089cd70b17b3079170057d3e5a3ac0/ty-0.0.69-py3-none-win_arm64.whl", hash = "sha256:7d4ca3bb74d91cb9947ba3f3b4cb131ad6a2b3ecc76d34040c4ec6092d2e411d", size = 12196693, upload-time = "2026-08-06T10:04:22.902Z" },
]

[[package]]
name = "typing-extensions"
version = "4.16.0"
source = { registry = "https://pypi.org/simple" }
sdist = { url = "https://files.pythonhosted.org/packages/f6/cc/6253133b5bb138fc3306cebfbda2c520f545d36b5be2c7255cc528bb45d6/typing_extensions-4.16.0.tar.gz", hash = "sha256:dc983d19a509c94dba722ee6abd33940f7c05a89e243c47e907eb4db6f1a43e5", size = 113555, upload-time = "2026-07-02T08:40:05.92Z" }
wheels = [
    { url = "https://files.pythonhosted.org/packages/49/d3/b8441a820a491ddfc024b0b0cf0393375b75ea13866d9c66727e54c2fc80/typing_extensions-4.16.0-py3-none-any.whl", hash = "sha256:481caa481374e813c1b176ada14e97f1f67a4539ce9cfeb3f350d78d6370c2e8", size = 45571, upload-time = "2026-07-02T08:40:04.659Z" },
]

[[package]]
name = "urllib3"
version = "2.7.0"
source = { registry = "https://pypi.org/simple" }
sdist = { url = "https://files.pythonhosted.org/packages/53/0c/06f8b233b8fd13b9e5ee11424ef85419ba0d8ba0b3138bf360be2ff56953/urllib3-2.7.0.tar.gz", hash = "sha256:231e0ec3b63ceb14667c67be60f2f2c40a518cb38b03af60abc813da26505f4c", size = 433602, upload-time = "2026-05-07T16:13:18.596Z" }
wheels = [
    { url = "https://files.pythonhosted.org/packages/7f/3e/5db95bcf282c52709639744ca2a8b149baccf648e39c8cc87553df9eae0c/urllib3-2.7.0-py3-none-any.whl", hash = "sha256:9fb4c81ebbb1ce9531cce37674bbc6f1360472bc18ca9a553ede278ef7276897", size = 131087, upload-time = "2026-05-07T16:13:17.151Z" },
]

[[package]]
name = "uv"
version = "0.12.3"
source = { registry = "https://pypi.org/simple" }
sdist = { url = "https://files.pythonhosted.org/packages/3c/fa/19a665278931fca142cf1c21927b18b36cffb5fd137bf5228f937a977f84/uv-0.12.3.tar.gz", hash = "sha256:1eb3fea456aea47489d92e10451c9129b7dd9fd8854c4eb17020ba68489d5d9a", size = 5877698, upload-time = "2026-08-07T16:33:32.486Z" }
wheels = [
    { url = "https://files.pythonhosted.org/packages/0e/b1/eabb1f57339a63630a9b195f8bcdbcca101f4f5cbc5556e6f592d6049d80/uv-0.12.3-py3-none-linux_armv6l.whl", hash = "sha256:0c0561cd369002a5968e138ea477e86507a337b3ede44f441c90d85ed2f54714", size = 21777249, upload-time = "2026-08-07T16:32:18.631Z" },
    { url = "https://files.pythonhosted.org/packages/ed/52/7d23602e140bdd5bb25ffa8bf3943a86688e8cd558a9894dfbb83728e943/uv-0.12.3-py3-none-macosx_10_12_x86_64.whl", hash = "sha256:0550669163cc67d5a7dc8e1702bc011e4a075a4ae52ad50891be654fc6635e0d", size = 20081726, upload-time = "2026-08-07T16:32:23.182Z" },
    { url = "https://files.pythonhosted.org/packages/e4/66/ba257c91d69921d773f523c9e4c3ffb04e233694c415517f5ef797403a4f/uv-0.12.3-py3-none-macosx_11_0_arm64.whl", hash = "sha256:7c99f2524fe4b11d74dec85cef9b4d8b725d142dec04cd237f1c06fbdae1ee54", size = 18426262, upload-time = "2026-08-07T16:32:27.55Z" },
    { url = "https://files.pythonhosted.org/packages/c4/e4/7e93226f4f33c3cc25dc942056f46be9c48e846338f8644a700123726dc8/uv-0.12.3-py3-none-manylinux_2_17_aarch64.manylinux2014_aarch64.musllinux_1_1_aarch64.whl", hash = "sha256:ac21bea426ddf95fa76d8dc1f67350faed7b4a81951825cf2aaef99fc4144815", size = 21156889, upload-time = "2026-08-07T16:32:31.447Z" },
    { url = "https://files.pythonhosted.org/packages/bd/b7/2504476931b7102cc6bfec5289efefe1279fe03964cb8ad7113691372605/uv-0.12.3-py3-none-manylinux_2_17_armv7l.manylinux2014_armv7l.musllinux_1_1_armv7l.whl", hash = "sha256:1e569258e17a536c1bd90a68935dc8250b0ecc81ba80efd814ed169c33de0f93", size = 21319192, upload-time = "2026-08-07T16:32:35.638Z" },
    { url = "https://files.pythonhosted.org/packages/e3/83/e9a93bf4d737bf00d7fa4e2a82ed0ed23bc30d44262127f5f8b9a4dd9150/uv-0.12.3-py3-none-manylinux_2_17_armv7l.manylinux2014_armv7l.whl", hash = "sha256:6c8e5a2d2ce4ea511293f919357c427dab0f12104ebfdd6602727f5c38958c22", size = 21334826, upload-time = "2026-08-07T16:32:40.034Z" },
    { url = "https://files.pythonhosted.org/packages/5a/ef/19215f66a02451ca2698062e98690d5f2a7e65574104ba04c188c4b59c70/uv-0.12.3-py3-none-manylinux_2_17_i686.manylinux2014_i686.whl", hash = "sha256:115e96e176fa3525ffb999572ec6041b915f15189403613ccefcc1f128f0ea0c", size = 22014926, upload-time = "2026-08-07T16:32:44.159Z" },
    { url = "https://files.pythonhosted.org/packages/7c/a3/38526a97a5d376c59955025e54740ae35a4c7d8d80c6dfbee13fae588964/uv-0.12.3-py3-none-manylinux_2_17_ppc64le.manylinux2014_ppc64le.whl", hash = "sha256:913dc068e906f459df892cac789e6e9e10ac9d6af0bbb3c36fcc09347b0c986c", size = 23248637, upload-time = "2026-08-07T16:32:48.342Z" },
    { url = "https://files.pythonhosted.org/packages/38/63/a7a98d075383669b6a3ff4ca410cb9c18b6d0921df1c524bd0859a8474fe/uv-0.12.3-py3-none-manylinux_2_17_s390x.manylinux2014_s390x.whl", hash = "sha256:77fa7f501baa7c4d097b0c424914d7924db8e54f882c4f40056228ecf56feb98", size = 22929428, upload-time = "2026-08-07T16:32:52.452Z" },
    { url = "https://files.pythonhosted.org/packages/8d/c4/97fdd4fca11d06633bb500849f70e4e6b201bcba3833894732e709be2d60/uv-0.12.3-py3-none-manylinux_2_17_x86_64.manylinux2014_x86_64.whl", hash = "sha256:1482d1462b1aecd18ee33627363fe1c63d6a194f12d40d37efc446d9e0d800a1", size = 22346263, upload-time = "2026-08-07T16:32:56.563Z" },
    { url = "https://files.pythonhosted.org/packages/c4/46/ab0906c8c3b6eeaf2412ab5af6077a38930db90e2c99c1b82e066f240a81/uv-0.12.3-py3-none-manylinux_2_28_aarch64.whl", hash = "sha256:248b6b282f96f98d79dddecd1b2acd1893efd84667321f26703feffff6433211", size = 21288225, upload-time = "2026-08-07T16:33:00.578Z" },
    { url = "https://files.pythonhosted.org/packages/2e/0f/f40530b0b336212fff1bc50887d263a9f03d8859e6c1c5210e11d104df10/uv-0.12.3-py3-none-manylinux_2_31_riscv64.musllinux_1_1_riscv64.whl", hash = "sha256:9201c7a1edadb07f64b695f17eac9db2d264eeb4b888c195aa11e7908d0ebf41", size = 21981757, upload-time = "2026-08-07T16:33:05.101Z" },
    { url = "https://files.pythonhosted.org/packages/0a/cf/240a3bebd15be490f867e155aa59522889d8d6310985421902f87d1fad99/uv-0.12.3-py3-none-manylinux_2_31_riscv64.whl", hash = "sha256:6114afd294411995a761c4cde0b721d550ff6d2fc2312046e8403eca6adacda5", size = 22117547, upload-time = "2026-08-07T16:33:09.124Z" },
    { url = "https://files.pythonhosted.org/packages/2f/da/fb143759f86b260f20634e11a27b9312eb6ff9c43c6756102e82875cd82d/uv-0.12.3-py3-none-musllinux_1_1_i686.whl", hash = "sha256:ba034f32abf966a101cf2434455faaf8d54dfacfff0d4b4c70d673f36e985728", size = 21255639, upload-time = "2026-08-07T16:33:13.38Z" },
    { url = "https://files.pythonhosted.org/packages/91/40/c1e0b626919792bf66847429d0c0bbf580a5f148a37268c10d9132f4871a/uv-0.12.3-py3-none-musllinux_1_1_x86_64.whl", hash = "sha256:13535c7d40faa7821c3763f5b6c605eef8556ea16277dc1a07a21203fd3c19e4", size = 22560342, upload-time = "2026-08-07T16:33:17.484Z" },
    { url = "https://files.pythonhosted.org/packages/fa/bf/246d088b4baf0239c8a06afa0ce155ce460942d08a9ac505fac5d0f99fe1/uv-0.12.3-py3-none-win32.whl", hash = "sha256:67b639a56dd36193b55a3bcea10f9dffcab37ed3c1eb26e964e52896df0bb205", size = 19420018, upload-time = "2026-08-07T16:33:21.544Z" },
    { url = "https://files.pythonhosted.org/packages/59/ed/3f816f972357578f1a21afdff8af9c93e87416afd0e150fc60be7eb280ab/uv-0.12.3-py3-none-win_amd64.whl", hash = "sha256:aeafd6e02b9a8d8beb447040bfc57ab172bdf244208f7147b4f7bbc327135797", size = 20215028, upload-time = "2026-08-07T16:33:25.751Z" },
    { url = "https://files.pythonhosted.org/packages/ff/63/0b08bf418b4d00e911465ad24a5f09040cc51247c362ffe56f859173e99f/uv-0.12.3-py3-none-win_arm64.whl", hash = "sha256:59121ef7217567adf4af41f7d3b04e42abb0c6a11bc87c930b838f9354f9c651", size = 19120228, upload-time = "2026-08-07T16:33:29.609Z" },
]

[[package]]
name = "virtualenv"
version = "21.7.3"
source = { registry = "https://pypi.org/simple" }
dependencies = [
    { name = "distlib" },
    { name = "filelock" },
    { name = "platformdirs" },
    { name = "python-discovery" },
]
sdist = { url = "https://files.pythonhosted.org/packages/9c/10/8b7a5454efc032be50c1c5641467dbb5d31314500205212b2aa66d3c8af4/virtualenv-21.7.3.tar.gz", hash = "sha256:5e9e287f5c808070eea3b40403d3368248e64b24f1b60bd9a36e85ac841d2c3e", size = 5525482, upload-time = "2026-08-08T14:43:20.286Z" }
wheels = [
    { url = "https://files.pythonhosted.org/packages/77/2a/83d779d2dfb61f101d7b1c10073d18984e37262d8b4f171c99911a952430/virtualenv-21.7.3-py3-none-any.whl", hash = "sha256:26dfda3c34f29bf1a3ca167426a67658d59979b9954e705aef60a5f724ce1773", size = 5504590, upload-time = "2026-08-08T14:43:18.57Z" },
]
