version = 1
revision = 3
requires-python = ">=3.13"
resolution-markers = [
    "python_full_version >= '3.15'",
    "python_full_version < '3.15'",
]

[[package]]
name = "argcomplete"
version = "3.7.2"
source = { registry = "https://pypi.org/simple" }
sdist = { url = "https://files.pythonhosted.org/packages/87/6f/5a73f04007ca950701765949209f068da628bd11f9c2da287278ce91e0ee/argcomplete-3.7.2.tar.gz", hash = "sha256:aad8b69a0b9969edb62db0d1752354c0d50717b10e0cbb00e2a958381b9fc6b9", size = 74473, upload-time = "2026-08-06T04:53:21.662Z" }
wheels = [
    { url = "https://files.pythonhosted.org/packages/46/bd/551ee6af426af84ca33e02622be722925c196608e9127d731ef17c47f06e/argcomplete-3.7.2-py3-none-any.whl", hash = "sha256:6029205678bdd9c1c728a155f5f9ecf5812393f969eef58807641a2bc2aa5b19", size = 43294, upload-time = "2026-08-06T04:53:20.246Z" },
]

[[package]]
name = "attrs"
version = "26.1.0"
source = { registry = "https://pypi.org/simple" }
sdist = { url = "https://files.pythonhosted.org/packages/9a/8e/82a0fe20a541c03148528be8cac2408564a6c9a0cc7e9171802bc1d26985/attrs-26.1.0.tar.gz", hash = "sha256:d03ceb89cb322a8fd706d4fb91940737b6642aa36998fe130a9bc96c985eff32", size = 952055, upload-time = "2026-03-19T14:22:25.026Z" }
wheels = [
    { url = "https://files.pythonhosted.org/packages/64/b4/17d4b0b2a2dc85a6df63d1157e028ed19f90d4cd97c36717afef2bc2f395/attrs-26.1.0-py3-none-any.whl", hash = "sha256:c647aa4a12dfbad9333ca4e71fe62ddc36f4e63b2d260a37a8b83d2f043ac309", size = 67548, upload-time = "2026-03-19T14:22:23.645Z" },
]

[[package]]
name = "bump-minimum-dependencies"
version = "0.5.0"
source = { editable = "." }
dependencies = [
    { name = "charset-normalizer" },
    { name = "click" },
    { name = "dep-logic" },
    { name = "requests" },
    { name = "rich" },
    { name = "uv" },
]

[package.dev-dependencies]
dev = [
    { name = "distlib" },
    { name = "nox" },
    { name = "nox-uv" },
    { name = "prek" },
    { name = "pytest" },
    { name = "pytest-freezer" },
    { name = "python-dateutil" },
    { name = "rich" },
    { name = "tomli-w" },
    { name = "ty" },
]

[package.metadata]
requires-dist = [
    { name = "charset-normalizer", specifier = "==3.3.2" },
    { name = "click", specifier = ">=8.4.2,<9" },
    { name = "dep-logic", specifier = ">=0.7.1" },
    { name = "requests", specifier = ">=2.34.2" },
    { name = "rich", specifier = ">=15" },
    { name = "uv", specifier = ">=0.12.5" },
]

[package.metadata.requires-dev]
dev = [
    { name = "distlib", specifier = ">=0.4.2,!=0.4.3,!=0.4.4" },
    { name = "nox", specifier = ">=2026.7.11" },
    { name = "nox-uv", specifier = ">=0.8" },
    { name = "prek", specifier = ">=0.4.12" },
    { name = "pytest", specifier = "==9.0.3" },
    { name = "pytest-freezer", specifier = "==0.4.9" },
    { name = "python-dateutil", specifier = "==2.8.2" },
    { name = "rich", specifier = ">=15" },
    { name = "tomli-w", specifier = ">=1.2" },
    { name = "ty", specifier = ">=0.0.69" },
]

[[package]]
name = "certifi"
version = "2026.7.22"
source = { registry = "https://pypi.org/simple" }
sdist = { url = "https://files.pythonhosted.org/packages/a3/c2/24167ea9858356b47a87a50d39908bfdb72ceeefe0041586e704e5376b3a/certifi-2026.7.22.tar.gz", hash = "sha256:741e2c3b351ddf169a738da9f2c048608ff7f2c5cc02f1ebc6b118bb090d5d55", size = 138112, upload-time = "2026-07-22T03:35:12.644Z" }
wheels = [
    { url = "https://files.pythonhosted.org/packages/0b/a7/71ac2cff56fec219ed242bb11b8efb69fcc4bec75db06fb7bfe35de520e6/certifi-2026.7.22-py3-none-any.whl", hash = "sha256:62f22742b58a1a33014a2b6b706588a8d7e2a88ae7bd1a6ebe8c992928483775", size = 136983, upload-time = "2026-07-22T03:35:11.276Z" },
]

[[package]]
name = "charset-normalizer"
version = "3.3.2"
source = { registry = "https://pypi.org/simple" }
sdist = { url = "https://files.pythonhosted.org/packages/63/09/c1bc53dab74b1816a00d8d030de5bf98f724c52c1635e07681d312f20be8/charset-normalizer-3.3.2.tar.gz", hash = "sha256:f30c3cb33b24454a82faecaf01b19c18562b1e89558fb6c56de4d9118a032fd5", size = 104809, upload-time = "2023-11-01T04:04:59.997Z" }
wheels = [
    { url = "https://files.pythonhosted.org/packages/28/76/e6222113b83e3622caa4bb41032d0b1bf785250607392e1b778aca0b8a7d/charset_normalizer-3.3.2-py3-none-any.whl", hash = "sha256:3e4d1f6587322d2788836a99c69062fbb091331ec940e02d12d179c1d53e25fc", size = 48543, upload-time = "2023-11-01T04:04:58.622Z" },
]

[[package]]
name = "click"
version = "8.5.0"
source = { registry = "https://pypi.org/simple" }
sdist = { url = "https://files.pythonhosted.org/packages/c7/0e/7fa0ef50764b67090eca4114772a2abf8b6148198475e54c660b97caeee6/click-8.5.0.tar.gz", hash = "sha256:ba0d2089de75ea0310e2dde03160e6ca10009947fb95a182f9b54021bb272e34", size = 382235, upload-time = "2026-08-26T13:33:14.56Z" }
wheels = [
    { url = "https://files.pythonhosted.org/packages/58/50/6c0d534c5f134586a8e1ba4e330569e32f057e33372ae556463212fb4cd3/click-8.5.0-py3-none-any.whl", hash = "sha256:255bc9599cf7748b4b1a446ccc735421bd08a2ae529a8b88597d3de5664ee360", size = 125251, upload-time = "2026-08-26T13:33:12.928Z" },
]

[[package]]
name = "colorama"
version = "0.4.6"
source = { registry = "https://pypi.org/simple" }
sdist = { url = "https://files.pythonhosted.org/packages/d8/53/6f443c9a4a8358a93a6792e2acffb9d9d5cb0a5cfd8802644b7b1c9a02e4/colorama-0.4.6.tar.gz", hash = "sha256:08695f5cb7ed6e0531a20572697297273c47b8cae5a63ffc6d6ed5c201be6e44", size = 27697, upload-time = "2022-10-25T02:36:22.414Z" }
wheels = [
    { url = "https://files.pythonhosted.org/packages/d1/d6/3965ed04c63042e047cb6a3e6ed1a63a35087b6a609aa3a15ed8ac56c221/colorama-0.4.6-py2.py3-none-any.whl", hash = "sha256:4f1d9991f5acc0ca119f9d443620b77f9d6b33703e51011c16baf57afb285fc6", size = 25335, upload-time = "2022-10-25T02:36:20.889Z" },
]

[[package]]
name = "colorlog"
version = "6.12.0"
source = { registry = "https://pypi.org/simple" }
dependencies = [
    { name = "colorama", marker = "sys_platform == 'win32'" },
]
sdist = { url = "https://files.pythonhosted.org/packages/8c/55/ba79756cb90c8d69d599d57785398ac87bba7b19c80e87f4e8a562197c93/colorlog-6.12.0.tar.gz", hash = "sha256:2a7924c1dadf18b22a0eb8b06d1c7b01d5341707ec1641eb6fcc4fde0c3e8e5f", size = 18151, upload-time = "2026-07-23T13:40:40.71Z" }
wheels = [
    { url = "https://files.pythonhosted.org/packages/d4/19/0b6647bf5e331521e55d2b63bfbdc210bd9cd605189273f03614a05f702d/colorlog-6.12.0-py3-none-any.whl", hash = "sha256:30d392604e9110045a2c2aeefc27d7a017abbab63f3a8aee594eac0801df784e", size = 12239, upload-time = "2026-07-23T13:40:39.562Z" },
]

[[package]]
name = "dep-logic"
version = "0.7.2"
source = { registry = "https://pypi.org/simple" }
dependencies = [
    { name = "packaging" },
]
sdist = { url = "https://files.pythonhosted.org/packages/1b/7a/ac7db322bfc792c237e059e0b048e8e0784eb624d0447e3cf5e231323725/dep_logic-0.7.2.tar.gz", hash = "sha256:2a3c49526075b0bc6825f0ea8c2d9f464de48b7b85f3f3d2900b4e5950fefedf", size = 37962, upload-time = "2026-08-28T03:43:17.064Z" }
wheels = [
    { url = "https://files.pythonhosted.org/packages/d0/71/e6979663eb7feaab2a2fcd3a004c0fc33b2a5d0ebafc4c474000b2be6732/dep_logic-0.7.2-py3-none-any.whl", hash = "sha256:33640c4ba7fd45f2504442eb9e0c12e57dac253c748ca3925749548a5c556bae", size = 36183, upload-time = "2026-08-28T03:43:15.718Z" },
]

[[package]]
name = "dependency-groups"
version = "1.3.2"
source = { registry = "https://pypi.org/simple" }
dependencies = [
    { name = "packaging" },
]
sdist = { url = "https://files.pythonhosted.org/packages/b5/16/65e61d8e837e0d70a99a0d4dd76e2af53357c3a03ed1db8ad9b5786d7f25/dependency_groups-1.3.2.tar.gz", hash = "sha256:c81831f43828dbc3987ee247eb198241a0152b8e7ceab10977cc3808eb388ac7", size = 13309, upload-time = "2026-08-22T02:43:30.137Z" }
wheels = [
    { url = "https://files.pythonhosted.org/packages/a1/e4/da5f2f176050efcfb9222a76a3e81c41f69f775be8e563b76ca4292a134f/dependency_groups-1.3.2-py3-none-any.whl", hash = "sha256:8c337f7b92445823b0d0ea507f611390c58dcd2112be00aebcd738a2ca7a1c64", size = 9802, upload-time = "2026-08-22T02:43:28.853Z" },
]

[[package]]
name = "distlib"
version = "0.4.2"
source = { registry = "https://pypi.org/simple" }
sdist = { url = "https://files.pythonhosted.org/packages/46/8d/873e9252ea2c0e0c857884e0a2899ec43ade132345df1925ef24cbe64f18/distlib-0.4.2.tar.gz", hash = "sha256:baeb401c90f27acd15c4861ae0847d1e731c27ac3dbf4210643ba61fa1e813db", size = 614914, upload-time = "2026-06-08T16:24:15.439Z" }
wheels = [
    { url = "https://files.pythonhosted.org/packages/c1/60/aa891c893821d4d127292ed66c6940d1d715894bd5a0ce048056bc641773/distlib-0.4.2-py2.py3-none-any.whl", hash = "sha256:ca4cb11e5d746b5ec13c199cbf19ae27a241f89702b54e153a74332955446067", size = 470510, upload-time = "2026-06-08T16:24:13.208Z" },
]

[[package]]
name = "filelock"
version = "3.32.6"
source = { registry = "https://pypi.org/simple" }
sdist = { url = "https://files.pythonhosted.org/packages/38/46/126b1831dca12060d4a8296bf9c4fe5c93c4f22197fa239cb0cc82042bba/filelock-3.32.6.tar.gz", hash = "sha256:a3f55a18af3652a94d8f47d6055df434f254ca1d02ef2524850c6d249ca2512c", size = 225172, upload-time = "2026-09-08T22:57:11.528Z" }
wheels = [
    { url = "https://files.pythonhosted.org/packages/cc/06/4f138f618dbea66803291274f228f01daf29f306fe8b96bc30dab765df75/filelock-3.32.6-py3-none-any.whl", hash = "sha256:3f16ecd0117feae0dfc147e8c62eb5daeccd8bd800378c3ddf416de9b4feb6b1", size = 100189, upload-time = "2026-09-08T22:57:10.182Z" },
]

[[package]]
name = "freezegun"
version = "1.5.5"
source = { registry = "https://pypi.org/simple" }
dependencies = [
    { name = "python-dateutil" },
]
sdist = { url = "https://files.pythonhosted.org/packages/95/dd/23e2f4e357f8fd3bdff613c1fe4466d21bfb00a6177f238079b17f7b1c84/freezegun-1.5.5.tar.gz", hash = "sha256:ac7742a6cc6c25a2c35e9292dfd554b897b517d2dec26891a2e8debf205cb94a", size = 35914, upload-time = "2025-08-09T10:39:08.338Z" }
wheels = [
    { url = "https://files.pythonhosted.org/packages/5e/2e/b41d8a1a917d6581fc27a35d05561037b048e47df50f27f8ac9c7e27a710/freezegun-1.5.5-py3-none-any.whl", hash = "sha256:cd557f4a75cf074e84bc374249b9dd491eaeacd61376b9eb3c423282211619d2", size = 19266, upload-time = "2025-08-09T10:39:06.636Z" },
]

[[package]]
name = "humanize"
version = "4.16.0"
source = { registry = "https://pypi.org/simple" }
sdist = { url = "https://files.pythonhosted.org/packages/0a/ea/13a1ef3c12d12662905801495283530251918b70d62d368f1d2e0272c70d/humanize-4.16.0.tar.gz", hash = "sha256:7dc2244a2f84a4bfb1d36c37bac80cd78e35cdc5c119206d87b018e1445f3a3f", size = 89515, upload-time = "2026-06-30T16:17:29.859Z" }
wheels = [
    { url = "https://files.pythonhosted.org/packages/b0/aa/0b7365d30fed43e7a3449aba1fe20a0a7174d9cf13e282af4e69ac825441/humanize-4.16.0-py3-none-any.whl", hash = "sha256:353eb2f34c09d098b2880eee8bef21832eae6d174f48c5762fff7e5fcb74d01d", size = 137209, upload-time = "2026-06-30T16:17:28.36Z" },
]

[[package]]
name = "idna"
version = "3.19"
source = { registry = "https://pypi.org/simple" }
sdist = { url = "https://files.pythonhosted.org/packages/5f/f7/abb373e5757eaec4b922b92f97ec8d6d7e057cf06778247604fbc4e7c3f3/idna-3.19.tar.gz", hash = "sha256:5e0811a4383b21dc5838069f801c4fb62113b7447663d2530d2bd6e77b49bf15", size = 215237, upload-time = "2026-08-18T05:14:24.27Z" }
wheels = [
    { url = "https://files.pythonhosted.org/packages/57/b0/0e52c878c53f245edd3a11020f20979b3f490f245af532c7cae3027754b5/idna-3.19-py3-none-any.whl", hash = "sha256:815e7be7a7806d54abb586dc943addc79e8b2ee16915059658cbeff4b1b43bf4", size = 68550, upload-time = "2026-08-18T05:14:22.343Z" },
]

[[package]]
name = "iniconfig"
version = "2.3.0"
source = { registry = "https://pypi.org/simple" }
sdist = { url = "https://files.pythonhosted.org/packages/72/34/14ca021ce8e5dfedc35312d08ba8bf51fdd999c576889fc2c24cb97f4f10/iniconfig-2.3.0.tar.gz", hash = "sha256:c76315c77db068650d49c5b56314774a7804df16fee4402c1f19d6d15d8c4730", size = 20503, upload-time = "2025-10-18T21:55:43.219Z" }
wheels = [
    { url = "https://files.pythonhosted.org/packages/cb/b1/3846dd7f199d53cb17f49cba7e651e9ce294d8497c8c150530ed11865bb8/iniconfig-2.3.0-py3-none-any.whl", hash = "sha256:f631c04d2c48c52b84d0d0549c99ff3859c98df65b3101406327ecc7d53fbf12", size = 7484, upload-time = "2025-10-18T21:55:41.639Z" },
]

[[package]]
name = "markdown-it-py"
version = "4.2.0"
source = { registry = "https://pypi.org/simple" }
dependencies = [
    { name = "mdurl" },
]
sdist = { url = "https://files.pythonhosted.org/packages/06/ff/7841249c247aa650a76b9ee4bbaeae59370dc8bfd2f6c01f3630c35eb134/markdown_it_py-4.2.0.tar.gz", hash = "sha256:04a21681d6fbb623de53f6f364d352309d4094dd4194040a10fd51833e418d49", size = 82454, upload-time = "2026-05-07T12:08:28.36Z" }
wheels = [
    { url = "https://files.pythonhosted.org/packages/b3/81/4da04ced5a082363ecfa159c010d200ecbd959ae410c10c0264a38cac0f5/markdown_it_py-4.2.0-py3-none-any.whl", hash = "sha256:9f7ebbcd14fe59494226453aed97c1070d83f8d24b6fc3a3bcf9a38092641c4a", size = 91687, upload-time = "2026-05-07T12:08:27.182Z" },
]

[[package]]
name = "mdurl"
version = "0.1.2"
source = { registry = "https://pypi.org/simple" }
sdist = { url = "https://files.pythonhosted.org/packages/d6/54/cfe61301667036ec958cb99bd3efefba235e65cdeb9c84d24a8293ba1d90/mdurl-0.1.2.tar.gz", hash = "sha256:bb413d29f5eea38f31dd4754dd7377d4465116fb207585f97bf925588687c1ba", size = 8729, upload-time = "2022-08-14T12:40:10.846Z" }
wheels = [
    { url = "https://files.pythonhosted.org/packages/b3/38/89ba8ad64ae25be8de66a6d463314cf1eb366222074cfda9ee839c56a4b4/mdurl-0.1.2-py3-none-any.whl", hash = "sha256:84008a41e51615a49fc9966191ff91509e3c40b939176e643fd50a5c2196b8f8", size = 9979, upload-time = "2022-08-14T12:40:09.779Z" },
]

[[package]]
name = "nox"
version = "2026.8.17"
source = { registry = "https://pypi.org/simple" }
dependencies = [
    { name = "argcomplete" },
    { name = "attrs" },
    { name = "colorlog" },
    { name = "dependency-groups" },
    { name = "humanize" },
    { name = "packaging" },
    { name = "platformdirs" },
    { name = "python-discovery" },
    { name = "virtualenv" },
]
sdist = { url = "https://files.pythonhosted.org/packages/be/65/4cef8ae8f6dbcb5753b202e46791277f1ea0b4a0650d1a6cb940c468b143/nox-2026.8.17.tar.gz", hash = "sha256:8d9c69c9b996a59db1eb2c6968deaebc2edbc55317d205981bbc4a37351d3f2e", size = 4076047, upload-time = "2026-08-18T03:09:57.078Z" }
wheels = [
    { url = "https://files.pythonhosted.org/packages/81/71/e0829a0500646070e98bc4442afa2917bfe5b6f1289511d8de853ae86497/nox-2026.8.17-py3-none-any.whl", hash = "sha256:a96a5286007cbc0d1eb1930e85738668f6722adba1ffaa48287296a96963086e", size = 94839, upload-time = "2026-08-18T03:09:55.684Z" },
]

[[package]]
name = "nox-uv"
version = "0.8.0"
source = { registry = "https://pypi.org/simple" }
dependencies = [
    { name = "nox" },
]
sdist = { url = "https://files.pythonhosted.org/packages/3e/b8/5a186592e002ac454450d6a43d6171b6207b0b4141db78464f7d4672ae8d/nox_uv-0.8.0.tar.gz", hash = "sha256:609595d9c4983b1c4abe8b44299b4223fb876f3794012a633c94acae697ed485", size = 5324, upload-time = "2026-05-12T02:16:55.269Z" }
wheels = [
    { url = "https://files.pythonhosted.org/packages/02/94/a2dae05f049990adff252037252da412f56fadd358fb3eca474c838c3dc3/nox_uv-0.8.0-py3-none-any.whl", hash = "sha256:f62c0e016fd8403fd4352ec1e6eb06d6f9967adc44bba74524d7f74da5ac1b19", size = 5628, upload-time = "2026-05-12T02:16:57.372Z" },
]

[[package]]
name = "packaging"
version = "26.3"
source = { registry = "https://pypi.org/simple" }
sdist = { url = "https://files.pythonhosted.org/packages/7d/fa/3944b40b07da9ce895c0e6303a5ab7d53da063554f534556b134a54d6093/packaging-26.3.tar.gz", hash = "sha256:94edc256424af38762eb31306eed28beb9f0efc50a8837492c9d6fd6004aed79", size = 313412, upload-time = "2026-08-04T18:15:28.737Z" }
wheels = [
    { url = "https://files.pythonhosted.org/packages/63/34/ba1c580383c9eada3711951fef0795c80b829a078d72188184bcab9dd527/packaging-26.3-py3-none-any.whl", hash = "sha256:d7193f7c8e4e93f444fde0262bf90af30e16fa0ad0ad44cb553c87339b23cd1c", size = 129956, upload-time = "2026-08-04T18:15:27.159Z" },
]

[[package]]
name = "platformdirs"
version = "4.11.8"
source = { registry = "https://pypi.org/simple" }
sdist = { url = "https://files.pythonhosted.org/packages/53/18/f3bb8ef0d3b930692343da8aa4d3cbcd6749477c053959395ac81965a6e9/platformdirs-4.11.8.tar.gz", hash = "sha256:f23abafea7dd4276d1f29104b83598d7dcc567cafd07c9c951e66665645437fc", size = 37182, upload-time = "2026-09-08T22:20:42.866Z" }
wheels = [
    { url = "https://files.pythonhosted.org/packages/f4/e1/5b7b8bbb55084d1425bcb9bc823ff519e1b2be05f6ebb0089e2eacc38413/platformdirs-4.11.8-py3-none-any.whl", hash = "sha256:52f2f181bbfde907966932cc8312d967d02976422d66d537ea16092b8e291081", size = 24027, upload-time = "2026-09-08T22:20:41.537Z" },
]

[[package]]
name = "pluggy"
version = "1.6.0"
source = { registry = "https://pypi.org/simple" }
sdist = { url = "https://files.pythonhosted.org/packages/f9/e2/3e91f31a7d2b083fe6ef3fa267035b518369d9511ffab804f839851d2779/pluggy-1.6.0.tar.gz", hash = "sha256:7dcc130b76258d33b90f61b658791dede3486c3e6bfb003ee5c9bfb396dd22f3", size = 69412, upload-time = "2025-05-15T12:30:07.975Z" }
wheels = [
    { url = "https://files.pythonhosted.org/packages/54/20/4d324d65cc6d9205fabedc306948156824eb9f0ee1633355a8f7ec5c66bf/pluggy-1.6.0-py3-none-any.whl", hash = "sha256:e920276dd6813095e9377c0bc5566d94c932c33b27a3e3945d8389c374dd4746", size = 20538, upload-time = "2025-05-15T12:30:06.134Z" },
]

[[package]]
name = "prek"
version = "0.5.2"
source = { registry = "https://pypi.org/simple" }
sdist = { url = "https://files.pythonhosted.org/packages/b1/05/4402641f168dd862d27592cbd4c5fb171d119c15611e5dbef3df857e8932/prek-0.5.2.tar.gz", hash = "sha256:a90ea4eeba35c6081bad29775f6a49fcc33fb80372424fce64c7a9c5774e8204", size = 549442, upload-time = "2026-09-02T17:49:27.241Z" }
wheels = [
    { url = "https://files.pythonhosted.org/packages/6e/25/cf9c6064fea82ba6f4801dc3be650cc86eae3d9951e2a6fb28b21cbfa156/prek-0.5.2-py3-none-macosx_10_12_x86_64.whl", hash = "sha256:40d488a48de3f47f48bd4911ee5dec25e615f992b4cde821e9b50d40c615b39e", size = 5982622, upload-time = "2026-09-02T17:49:10.111Z" },
    { url = "https://files.pythonhosted.org/packages/cb/d9/9772fd4d4023c34780d957f407d9437e2a16d6bef77e3da9fa4374cd75bb/prek-0.5.2-py3-none-macosx_11_0_arm64.whl", hash = "sha256:0eb3b812fc13bc5c05cfc1a8b469f9665a02f845753c3759ad7aca50af707afb", size = 5525662, upload-time = "2026-09-02T17:49:12.336Z" },
    { url = "https://files.pythonhosted.org/packages/3b/19/be25a56ab243f2e5c9333c38bad33bddffec92ea8a25e34248eba6e00ac8/prek-0.5.2-py3-none-manylinux_2_17_aarch64.manylinux2014_aarch64.musllinux_1_1_aarch64.whl", hash = "sha256:c0219d1e694a962e3b3ae98f42f53065d2e2856719caee88578d24b35ea74cad", size = 5826109, upload-time = "2026-09-02T17:49:13.994Z" },
    { url = "https://files.pythonhosted.org/packages/1e/bd/a4a5a3022915b8e1768df9b2d8744f3e7c4b3bb7cdbe697612cc96054169/prek-0.5.2-py3-none-manylinux_2_17_x86_64.manylinux2014_x86_64.whl", hash = "sha256:a0e22f11c1fb5df89acf5cbde78f6139edf2c30a205bea5a5d4a094366dcdbda", size = 6201473, upload-time = "2026-09-02T17:49:16.156Z" },
    { url = "https://files.pythonhosted.org/packages/f6/fb/2e5f8adbee718f15333a113872104c4b3d25ecce423dd7117cfcd28a25fe/prek-0.5.2-py3-none-manylinux_2_28_aarch64.whl", hash = "sha256:1d52de8428d5eef7c8c0fd64efd7d31210d13924fd36a02975d462675715aeb7", size = 5829166, upload-time = "2026-09-02T17:49:17.997Z" },
    { url = "https://files.pythonhosted.org/packages/44/71/c798d54741cc8f345b211e453dda9599546fb213c3593eb711cb6c710bbf/prek-0.5.2-py3-none-musllinux_1_1_x86_64.whl", hash = "sha256:86aebcd8ab831036fc3ac9b15275412403e21041da031e6c9f1547888843e5c6", size = 6318980, upload-time = "2026-09-02T17:49:21.145Z" },
    { url = "https://files.pythonhosted.org/packages/8f/f8/4aefbf76dae091078655fbaf065c34fa900d43b39c2b88e80cbaa71b5efb/prek-0.5.2-py3-none-win_amd64.whl", hash = "sha256:b6c0e4f272f9410f8218d1db0cc7ea10cd8f62db19f820b9ace9f6c2b33bd8dd", size = 5727075, upload-time = "2026-09-02T17:49:23.656Z" },
    { url = "https://files.pythonhosted.org/packages/df/7c/409ced8866197da50e9bcb2c9bf101e3e9a35b98a851c0ccd2a44509eaa5/prek-0.5.2-py3-none-win_arm64.whl", hash = "sha256:0ebea4ef39f6446f6c414a5a506cde8942b17b5899f74cf90e352628085d4005", size = 5489643, upload-time = "2026-09-02T17:49:25.778Z" },
]

[[package]]
name = "pygments"
version = "2.21.0"
source = { registry = "https://pypi.org/simple" }
sdist = { url = "https://files.pythonhosted.org/packages/49/2e/ced460408999b33da6b31b0021b0f37d329e202d4169aeb164493778f25b/pygments-2.21.0.tar.gz", hash = "sha256:610ca751c9bc2492b38eb9a38a7fbc93edbbb2d7182edaf34e66ae493dee5c8c", size = 5005329, upload-time = "2026-08-17T08:02:48.824Z" }
wheels = [
    { url = "https://files.pythonhosted.org/packages/71/46/17f022dd3e953bf20a04a028a21ec746d942f8d2af30fa0f124fa0e6a684/pygments-2.21.0-py3-none-any.whl", hash = "sha256:2363c69b61c4a97c838da3b130dcd6468f4848992b21a82f2a63ec34377137d9", size = 1250147, upload-time = "2026-08-17T08:02:44.912Z" },
]

[[package]]
name = "pytest"
version = "9.0.3"
source = { registry = "https://pypi.org/simple" }
dependencies = [
    { name = "colorama", marker = "sys_platform == 'win32'" },
    { name = "iniconfig" },
    { name = "packaging" },
    { name = "pluggy" },
    { name = "pygments" },
]
sdist = { url = "https://files.pythonhosted.org/packages/7d/0d/549bd94f1a0a402dc8cf64563a117c0f3765662e2e668477624baeec44d5/pytest-9.0.3.tar.gz", hash = "sha256:b86ada508af81d19edeb213c681b1d48246c1a91d304c6c81a427674c17eb91c", size = 1572165, upload-time = "2026-04-07T17:16:18.027Z" }
wheels = [
    { url = "https://files.pythonhosted.org/packages/d4/24/a372aaf5c9b7208e7112038812994107bc65a84cd00e0354a88c2c77a617/pytest-9.0.3-py3-none-any.whl", hash = "sha256:2c5efc453d45394fdd706ade797c0a81091eccd1d6e4bccfcd476e2b8e0ab5d9", size = 375249, upload-time = "2026-04-07T17:16:16.13Z" },
]

[[package]]
name = "pytest-freezer"
version = "0.4.9"
source = { registry = "https://pypi.org/simple" }
dependencies = [
    { name = "freezegun" },
    { name = "pytest" },
]
sdist = { url = "https://files.pythonhosted.org/packages/81/f0/98dcbc5324064360b19850b14c84cea9ca50785d921741dbfc442346e925/pytest_freezer-0.4.9.tar.gz", hash = "sha256:21bf16bc9cc46bf98f94382c4b5c3c389be7056ff0be33029111ae11b3f1c82a", size = 3177, upload-time = "2024-12-12T08:53:08.684Z" }
wheels = [
    { url = "https://files.pythonhosted.org/packages/c1/e9/30252bc05bcf67200a17f4f0b4cc7598f0a68df4fa9fa356193aa899f145/pytest_freezer-0.4.9-py3-none-any.whl", hash = "sha256:8b6c50523b7d4aec4590b52bfa5ff766d772ce506e2bf4846c88041ea9ccae59", size = 3192, upload-time = "2024-12-12T08:53:07.641Z" },
]

[[package]]
name = "python-dateutil"
version = "2.8.2"
source = { registry = "https://pypi.org/simple" }
dependencies = [
    { name = "six" },
]
sdist = { url = "https://files.pythonhosted.org/packages/4c/c4/13b4776ea2d76c115c1d1b84579f3764ee6d57204f6be27119f13a61d0a9/python-dateutil-2.8.2.tar.gz", hash = "sha256:0123cacc1627ae19ddf3c27a5de5bd67ee4586fbdd6440d9748f8abb483d3e86", size = 357324, upload-time = "2021-07-14T08:19:19.783Z" }
wheels = [
    { url = "https://files.pythonhosted.org/packages/36/7a/87837f39d0296e723bb9b62bbb257d0355c7f6128853c78955f57342a56d/python_dateutil-2.8.2-py2.py3-none-any.whl", hash = "sha256:961d03dc3453ebbc59dbdea9e4e11c5651520a876d0f4db161e8674aae935da9", size = 247702, upload-time = "2021-07-14T08:19:18.161Z" },
]

[[package]]
name = "python-discovery"
version = "1.6.0"
source = { registry = "https://pypi.org/simple" }
dependencies = [
    { name = "filelock" },
]
sdist = { url = "https://files.pythonhosted.org/packages/91/96/0f93e27c9f60a650838f2118159aa115fd5732c0716247917b7ba7ede665/python_discovery-1.6.0.tar.gz", hash = "sha256:6393b4eae1be8b2182670635e7baff89ac21cb9f8e86fd1ff40c7b1144febb4c", size = 82849, upload-time = "2026-08-28T17:30:02.366Z" }
wheels = [
    { url = "https://files.pythonhosted.org/packages/43/5e/21abf578182fb15006a57faf3711a1e659e29d600d19b6e557eae908c81d/python_discovery-1.6.0-py3-none-any.whl", hash = "sha256:d4e244cf17b8b29819ed78003d55fbacf86eda23425b075454fff9271b79377a", size = 38451, upload-time = "2026-08-28T17:30:01.236Z" },
]

[[package]]
name = "requests"
version = "2.34.2"
source = { registry = "https://pypi.org/simple" }
dependencies = [
    { name = "certifi" },
    { name = "charset-normalizer" },
    { name = "idna" },
    { name = "urllib3" },
]
sdist = { url = "https://files.pythonhosted.org/packages/ac/c3/e2a2b89f2d3e2179abd6d00ebd70bff6273f37fb3e0cc209f48b39d00cbf/requests-2.34.2.tar.gz", hash = "sha256:f288924cae4e29463698d6d60bc6a4da69c89185ad1e0bcc4104f584e960b9ed", size = 142856, upload-time = "2026-05-14T19:25:27.735Z" }
wheels = [
    { url = "https://files.pythonhosted.org/packages/a0/f4/c67b0b3f1b9245e8d266f0f112c500d50e5b4e83cb6f3b71b6528104182a/requests-2.34.2-py3-none-any.whl", hash = "sha256:2a0d60c172f83ac6ab31e4554906c0f3b3588d37b5cb939b1c061f4907e278e0", size = 73075, upload-time = "2026-05-14T19:25:26.443Z" },
]

[[package]]
name = "rich"
version = "15.0.0"
source = { registry = "https://pypi.org/simple" }
dependencies = [
    { name = "markdown-it-py" },
    { name = "pygments" },
]
sdist = { url = "https://files.pythonhosted.org/packages/c0/8f/0722ca900cc807c13a6a0c696dacf35430f72e0ec571c4275d2371fca3e9/rich-15.0.0.tar.gz", hash = "sha256:edd07a4824c6b40189fb7ac9bc4c52536e9780fbbfbddf6f1e2502c31b068c36", size = 230680, upload-time = "2026-04-12T08:24:00.75Z" }
wheels = [
    { url = "https://files.pythonhosted.org/packages/82/3b/64d4899d73f91ba49a8c18a8ff3f0ea8f1c1d75481760df8c68ef5235bf5/rich-15.0.0-py3-none-any.whl", hash = "sha256:33bd4ef74232fb73fe9279a257718407f169c09b78a87ad3d296f548e27de0bb", size = 310654, upload-time = "2026-04-12T08:24:02.83Z" },
]

[[package]]
name = "six"
version = "1.17.0"
source = { registry = "https://pypi.org/simple" }
sdist = { url = "https://files.pythonhosted.org/packages/94/e7/b2c673351809dca68a0e064b6af791aa332cf192da575fd474ed7d6f16a2/six-1.17.0.tar.gz", hash = "sha256:ff70335d468e7eb6ec65b95b99d3a2836546063f63acc5171de367e834932a81", size = 34031, upload-time = "2024-12-04T17:35:28.174Z" }
wheels = [
    { url = "https://files.pythonhosted.org/packages/b7/ce/149a00dd41f10bc29e5921b496af8b574d8413afcd5e30dfa0ed46c2cc5e/six-1.17.0-py2.py3-none-any.whl", hash = "sha256:4721f391ed90541fddacab5acf947aa0d3dc7d27b2e1e8eda2be8970586c3274", size = 11050, upload-time = "2024-12-04T17:35:26.475Z" },
]

[[package]]
name = "tomli-w"
version = "1.2.0"
source = { registry = "https://pypi.org/simple" }
sdist = { url = "https://files.pythonhosted.org/packages/19/75/241269d1da26b624c0d5e110e8149093c759b7a286138f4efd61a60e75fe/tomli_w-1.2.0.tar.gz", hash = "sha256:2dd14fac5a47c27be9cd4c976af5a12d87fb1f0b4512f81d69cce3b35ae25021", size = 7184, upload-time = "2025-01-15T12:07:24.262Z" }
wheels = [
    { url = "https://files.pythonhosted.org/packages/c7/18/c86eb8e0202e32dd3df50d43d7ff9854f8e0603945ff398974c1d91ac1ef/tomli_w-1.2.0-py3-none-any.whl", hash = "sha256:188306098d013b691fcadc011abd66727d3c414c571bb01b1a174ba8c983cf90", size = 6675, upload-time = "2025-01-15T12:07:22.074Z" },
]

[[package]]
name = "ty"
version = "0.0.79"
source = { registry = "https://pypi.org/simple" }
sdist = { url = "https://files.pythonhosted.org/packages/b5/d3/4fff47468a976c7a5ded9fe350734ca09b9e8460750327f2245ea3288d5d/ty-0.0.79.tar.gz", hash = "sha256:159a1aca70edebae32be08bfba2e5d543ffd8f9f380af160e0e713e85313b733", size = 7162150, upload-time = "2026-09-07T21:51:58.065Z" }
wheels = [
    { url = "https://files.pythonhosted.org/packages/90/a3/2fa5b5495fe37351d77571eb0985476461be02c822bb39ad669b9fdb5bb8/ty-0.0.79-py3-none-linux_armv6l.whl", hash = "sha256:f60d968bbc6d52b663d3df4cae647d3cc68df4a7135bd9098e8d570bf9a5e0da", size = 13557478, upload-time = "2026-09-07T21:51:14.089Z" },
    { url = "https://files.pythonhosted.org/packages/f5/f0/1659a926d2b19351839ca64787e1531c97fbe8bf35c3c47d20954f338428/ty-0.0.79-py3-none-macosx_10_12_x86_64.whl", hash = "sha256:4c95ae0ca67483c4f1231c4b2fd332b76f212e8d93154c385d77511d90dcbd8e", size = 13163780, upload-time = "2026-09-07T21:51:17.066Z" },
    { url = "https://files.pythonhosted.org/packages/e2/b2/e0a8a8cf58b39f0d1f509a22550aed1e2cc12bb4a868170b43aede9fcd93/ty-0.0.79-py3-none-macosx_11_0_arm64.whl", hash = "sha256:685888adb29b6e732ee325c6b6db92a422f72f3e4031c12450728c846e5e93fe", size = 12964040, upload-time = "2026-09-07T21:51:19.818Z" },
    { url = "https://files.pythonhosted.org/packages/88/a7/7d8fb6c958d88a63ad932421eff8848267bb9229136ef65d9f372aa2be7a/ty-0.0.79-py3-none-manylinux_2_17_aarch64.manylinux2014_aarch64.whl", hash = "sha256:b0535640db5dc02f9e14bf419ad2cf3acdd49681e70f233c96e96d16cfcefc00", size = 13010025, upload-time = "2026-09-07T21:51:22.468Z" },
    { url = "https://files.pythonhosted.org/packages/e3/4c/94aee26446f058e67b2c8ef0b25bdc1cf555e40eb692112d7a609f30c238/ty-0.0.79-py3-none-manylinux_2_17_armv7l.manylinux2014_armv7l.whl", hash = "sha256:48cb24e21488f9d11cffa81d5a5f71f314c87383b7a5d28dabe6feaa3f3d7a34", size = 13332191, upload-time = "2026-09-07T21:51:25.031Z" },
    { url = "https://files.pythonhosted.org/packages/6c/21/9e7c0415fa6275500f10ce13f2bad62e03211ba5f3ea61a702d819328407/ty-0.0.79-py3-none-manylinux_2_17_i686.manylinux2014_i686.whl", hash = "sha256:1a35b3b116a591a68da5958c082247f0c3a50f134d0a60ff45d060eb3d2ad612", size = 14153955, upload-time = "2026-09-07T21:51:27.421Z" },
    { url = "https://files.pythonhosted.org/packages/0d/5f/b27b510f973a314200cfda4f0500de3c65f6caa45a590355f6acc5e96289/ty-0.0.79-py3-none-manylinux_2_17_ppc64le.manylinux2014_ppc64le.whl", hash = "sha256:fcb760f059d660dfd5c9c6c33609478a267c3185c7448d72e6f7ff4572796bae", size = 14594578, upload-time = "2026-09-07T21:51:30.345Z" },
    { url = "https://files.pythonhosted.org/packages/a6/fa/0ccc2e510c1c24682ae21c836c09be6dcf0b1aacab071c51a297d301601f/ty-0.0.79-py3-none-manylinux_2_17_s390x.manylinux2014_s390x.whl", hash = "sha256:fcdc1ae0c740f9b6d6536ffecf485616a8909bed5de88c6e870a65546a6a2d91", size = 14266409, upload-time = "2026-09-07T21:51:32.868Z" },
    { url = "https://files.pythonhosted.org/packages/e8/c3/3a404d44e9768578daf7dfda06cba714eda6feac53272eda295947a8d4c7/ty-0.0.79-py3-none-manylinux_2_17_x86_64.manylinux2014_x86_64.whl", hash = "sha256:0c1e77d58e192c81b958783328b303ceda8706328a307c852ceb257505765458", size = 13658441, upload-time = "2026-09-07T21:51:35.283Z" },
    { url = "https://files.pythonhosted.org/packages/f6/23/b90a512055fdf6356e95c0f745cb9b443b9a4ac9d3a79f07ae6ed53ae9ca/ty-0.0.79-py3-none-manylinux_2_31_riscv64.whl", hash = "sha256:a87f52183b976d9eda5fad28405b37621a265c3de5e9e279660556c715ed1805", size = 14195669, upload-time = "2026-09-07T21:51:37.848Z" },
    { url = "https://files.pythonhosted.org/packages/b0/05/d051248dcff852e8a3165a2feb164dc5b857ef237fa82e7ea2b3b7bac375/ty-0.0.79-py3-none-musllinux_1_2_aarch64.whl", hash = "sha256:fb429a44bc9e90649e69f739d70db4a305102a36586a810caee00c984c379997", size = 13127929, upload-time = "2026-09-07T21:51:40.431Z" },
    { url = "https://files.pythonhosted.org/packages/5a/d1/60b5c980df55b1d5010a41b10d7c8cf6111b5d02ec0807f6f782bb3d88aa/ty-0.0.79-py3-none-musllinux_1_2_armv7l.whl", hash = "sha256:1d857fa34d60b0981cf12ca19180ae5de70dd46306a9277bee772bb09e82ae5c", size = 13334425, upload-time = "2026-09-07T21:51:42.956Z" },
    { url = "https://files.pythonhosted.org/packages/9b/3c/fcbfa731128f06b1c9be5074f51ce47da06842dc8f33c81e7c1c483b6e91/ty-0.0.79-py3-none-musllinux_1_2_i686.whl", hash = "sha256:a95cffa2f30289b0b949db7611ae96ede0352f0f1d7ba07ea7cabb27616fccb9", size = 13629671, upload-time = "2026-09-07T21:51:45.467Z" },
    { url = "https://files.pythonhosted.org/packages/0e/00/3004a1d375c2a835c7dbf01c480205a190f24b74c8b5c849fd2dbe078d69/ty-0.0.79-py3-none-musllinux_1_2_x86_64.whl", hash = "sha256:d33df0f1bdee62dc366551d35b9830b1fa2e9ee2936a437abd435f71b3fce73e", size = 13939769, upload-time = "2026-09-07T21:51:48.033Z" },
    { url = "https://files.pythonhosted.org/packages/10/7d/f357f5768872ffa3a026707477a880aba7582af5f6c7c7eab74f61167f3d/ty-0.0.79-py3-none-win32.whl", hash = "sha256:ca266de079a187ed6f0f5b802f6fc3b26164753c7347a04daed21d86c938d33d", size = 12833644, upload-time = "2026-09-07T21:51:50.766Z" },
    { url = "https://files.pythonhosted.org/packages/f9/f5/2a2d967be6286ee8fb626161e610fd48624ba5e6712cea932adb2d6b40b6/ty-0.0.79-py3-none-win_amd64.whl", hash = "sha256:88cb357d36ad79181015581365769fff4b1ec580cd12de83addfa98663214fd3", size = 13494258, upload-time = "2026-09-07T21:51:53.105Z" },
    { url = "https://files.pythonhosted.org/packages/8b/74/49b88f104f88d9757497758bf57ba53e3612442b49500d1092d4d6f1daa3/ty-0.0.79-py3-none-win_arm64.whl", hash = "sha256:d29da73f2840ae2631bc62ef8f8d509a94edea596e5b3072851f67e4729d744c", size = 13327517, upload-time = "2026-09-07T21:51:55.602Z" },
]

[[package]]
name = "urllib3"
version = "2.7.0"
source = { registry = "https://pypi.org/simple" }
sdist = { url = "https://files.pythonhosted.org/packages/53/0c/06f8b233b8fd13b9e5ee11424ef85419ba0d8ba0b3138bf360be2ff56953/urllib3-2.7.0.tar.gz", hash = "sha256:231e0ec3b63ceb14667c67be60f2f2c40a518cb38b03af60abc813da26505f4c", size = 433602, upload-time = "2026-05-07T16:13:18.596Z" }
wheels = [
    { url = "https://files.pythonhosted.org/packages/7f/3e/5db95bcf282c52709639744ca2a8b149baccf648e39c8cc87553df9eae0c/urllib3-2.7.0-py3-none-any.whl", hash = "sha256:9fb4c81ebbb1ce9531cce37674bbc6f1360472bc18ca9a553ede278ef7276897", size = 131087, upload-time = "2026-05-07T16:13:17.151Z" },
]

[[package]]
name = "uv"
version = "0.12.11"
source = { registry = "https://pypi.org/simple" }
sdist = { url = "https://files.pythonhosted.org/packages/1b/ce/ea2bd39b4edd46e1651b3fbcafcdebc3c15a9c9902cce37f676a40fac551/uv-0.12.11.tar.gz", hash = "sha256:c051e0000a3379ea38c4652202cdce91722f026d25f57a9e564ce0d561532c8f", size = 7160227, upload-time = "2026-09-08T20:44:50.946Z" }
wheels = [
    { url = "https://files.pythonhosted.org/packages/d6/45/261461f48e6c80390c9266dfa443573c18e785ddf92fb2030aa0caeed7b0/uv-0.12.11-py3-none-linux_armv6l.whl", hash = "sha256:038c5080948e4e16285448b806bebaea8d22d1bed9c2239188e3ee334ac0e45d", size = 22180179, upload-time = "2026-09-08T20:44:05.565Z" },
    { url = "https://files.pythonhosted.org/packages/e6/02/2739ce71f3166e612e8605b76248970713cc5db06d3542d204da4791c837/uv-0.12.11-py3-none-macosx_10_12_x86_64.whl", hash = "sha256:103900d5310e0d6979568b695c4782fb4cb0721db7bec70ddce70596acbf85fd", size = 20525241, upload-time = "2026-09-08T20:44:08.677Z" },
    { url = "https://files.pythonhosted.org/packages/b5/ce/9c86e7448fdbc63633cc54de748db0f2cdd022ecaad8a365f0f8e611670c/uv-0.12.11-py3-none-macosx_11_0_arm64.whl", hash = "sha256:4d3337366d55b0fa44f559dad77039ba78699f3d964e597aedd7afa79da0630d", size = 17341304, upload-time = "2026-09-08T20:44:10.885Z" },
    { url = "https://files.pythonhosted.org/packages/e1/f6/1243f9c2278eb486fef7261b9275d186203dd602a13208b046e8226f3ae6/uv-0.12.11-py3-none-manylinux_2_17_aarch64.manylinux2014_aarch64.musllinux_1_1_aarch64.whl", hash = "sha256:c6ff21a984039f3e5c78a432c9c5ecf28dd6282db6d46336d077188e0eed53e3", size = 21675577, upload-time = "2026-09-08T20:44:13.112Z" },
    { url = "https://files.pythonhosted.org/packages/01/80/4e4017b24ff1fa1f1b888b78b98c465edf8e4a9c6c1e0f928efc5cc9c43c/uv-0.12.11-py3-none-manylinux_2_17_armv7l.manylinux2014_armv7l.musllinux_1_1_armv7l.whl", hash = "sha256:187229b5723bb773a057610ad37392b7325e9342d4f7a7585cda5c492501be86", size = 21659633, upload-time = "2026-09-08T20:44:15.418Z" },
    { url = "https://files.pythonhosted.org/packages/6b/2d/106b2b91f233d9b8483fc05b8758ced9ebe00e192f7314685672ac4f5d78/uv-0.12.11-py3-none-manylinux_2_17_armv7l.manylinux2014_armv7l.whl", hash = "sha256:93320d225a48b8a98e6ab4ad56c00626e9bd26ff7f7f773fe4cf3058876e46bb", size = 21720127, upload-time = "2026-09-08T20:44:17.617Z" },
    { url = "https://files.pythonhosted.org/packages/8f/86/1eb1a7aa711d12cc3ee4ec79c303687fdaa9530c88bb2a6a19869c920c81/uv-0.12.11-py3-none-manylinux_2_17_i686.manylinux2014_i686.whl", hash = "sha256:54b62b4ea2274d2a95992d9ee2d39c13794c8098cfdcd835743bc827f9a6d9a5", size = 22408562, upload-time = "2026-09-08T20:44:19.9Z" },
    { url = "https://files.pythonhosted.org/packages/cc/4d/fbbcb324d7171a59a5bd2138c572f1fe12abebae1a571d10113334678c99/uv-0.12.11-py3-none-manylinux_2_17_ppc64le.manylinux2014_ppc64le.whl", hash = "sha256:c0f399a8ec2146dc47df217f5fe86f1068bf62387a7430921de71c441efc5d9e", size = 23707401, upload-time = "2026-09-08T20:44:22.217Z" },
    { url = "https://files.pythonhosted.org/packages/52/d9/80d996b5c2875fb102eb7a2d03939e512cba210b386f18aa11ae5a14a424/uv-0.12.11-py3-none-manylinux_2_17_s390x.manylinux2014_s390x.whl", hash = "sha256:799923e6f12bf02079fb2ce3fd65201be78d6ec618ffc080f24655491d875fe9", size = 23356626, upload-time = "2026-09-08T20:44:24.533Z" },
    { url = "https://files.pythonhosted.org/packages/05/20/0e9f74079ba34f12c5d5d01289dc8f8da94c11f855020bdfd7c5ddb412e1/uv-0.12.11-py3-none-manylinux_2_17_x86_64.manylinux2014_x86_64.whl", hash = "sha256:2c0d529c347eccaebaeec1be0e2a7a0a7d814128595b2549649060d2f75d0df6", size = 20060640, upload-time = "2026-09-08T20:44:27.116Z" },
    { url = "https://files.pythonhosted.org/packages/d5/ae/13c04d5705ca0c30d0f6ca3a7ec3c359c1cb709b73841ceb5509cc451489/uv-0.12.11-py3-none-manylinux_2_28_aarch64.whl", hash = "sha256:8aa7ce99b5e853c12c62c3e0a1e286a447bed81f0a7c28b3882354a17bf056bb", size = 19443711, upload-time = "2026-09-08T20:44:29.343Z" },
    { url = "https://files.pythonhosted.org/packages/fb/c0/900eb64dfc548809af5e178920672393e94fd567478cafd055d2c3538e3c/uv-0.12.11-py3-none-manylinux_2_31_riscv64.musllinux_1_1_riscv64.whl", hash = "sha256:7d480eb64697dbe8c1a32fdce69824a2eca42c3a66b6066912948d82fed54c2d", size = 22468253, upload-time = "2026-09-08T20:44:33.19Z" },
    { url = "https://files.pythonhosted.org/packages/65/e6/d419515753809ba322cf521caa4320ff1524c9b8dca720b7ffbcd47ee740/uv-0.12.11-py3-none-manylinux_2_31_riscv64.whl", hash = "sha256:fc44bf138117b241e1a38dbddc9c28822ecb95a0f3c94d77cee896965d2f6345", size = 22582463, upload-time = "2026-09-08T20:44:36.134Z" },
    { url = "https://files.pythonhosted.org/packages/53/d4/d153ddf5ee6f5abe457e92e227a3c33c38a50e55730eeaf2d111aa57549c/uv-0.12.11-py3-none-musllinux_1_1_i686.whl", hash = "sha256:2726ca41c365b40e511ac9ac2496d3d30da76f88ce6a3877fd8f9bdd038907a4", size = 21567226, upload-time = "2026-09-08T20:44:38.447Z" },
    { url = "https://files.pythonhosted.org/packages/3c/c8/a2bdfd6b3cb64293de35b73c9a90653361bca617245421bd7dfd10f39c7f/uv-0.12.11-py3-none-musllinux_1_1_x86_64.whl", hash = "sha256:b19f9ffa46d9726e495fc636d19bad99f497d438bc07be858aef0dc37a150abe", size = 23002955, upload-time = "2026-09-08T20:44:40.772Z" },
    { url = "https://files.pythonhosted.org/packages/74/42/cf3ce6549050b74aaa8288c2358c824a39fd34f9904338bddba78226e973/uv-0.12.11-py3-none-win32.whl", hash = "sha256:427c29a2a4bf28ed7bf529296e4224f8252b8ca52175241ba4c6f29b7b3a035e", size = 19796441, upload-time = "2026-09-08T20:44:43.66Z" },
    { url = "https://files.pythonhosted.org/packages/c4/99/55672db900c519acd10637fcfffbe46c058163e52d5829f988dafb32e144/uv-0.12.11-py3-none-win_amd64.whl", hash = "sha256:498820071e52b52e7548004459f08180a78c1946c273b9ac6a892ab9f2c4d7d1", size = 18091914, upload-time = "2026-09-08T20:44:45.919Z" },
    { url = "https://files.pythonhosted.org/packages/e3/4f/2d1cbe185bc6688e71d51250b4dc31c4ec18ce6953a555631c8b123c25cd/uv-0.12.11-py3-none-win_arm64.whl", hash = "sha256:7651a6288761b202feddd40545aab4b2cfe7af7a07992f85e7d07616cc95ae83", size = 19491755, upload-time = "2026-09-08T20:44:48.695Z" },
]

[[package]]
name = "virtualenv"
version = "21.7.8"
source = { registry = "https://pypi.org/simple" }
dependencies = [
    { name = "distlib" },
    { name = "filelock" },
    { name = "platformdirs" },
    { name = "python-discovery" },
]
sdist = { url = "https://files.pythonhosted.org/packages/08/1c/69faa2e6a83484e2a8227bce5cfaa183941c5720f99c48f204931d286b07/virtualenv-21.7.8.tar.gz", hash = "sha256:1dc49c790072a9072cb1803f9bd62aa69cd583077cada32390f75505cdc64c9b", size = 5347580, upload-time = "2026-09-01T13:36:13.894Z" }
wheels = [
    { url = "https://files.pythonhosted.org/packages/9f/34/88d507d4a4030fa559788de9c690a214f9a4053aa1d91cfb60e9b36127c2/virtualenv-21.7.8-py3-none-any.whl", hash = "sha256:3040eb3cbf5d32b10ffd57d167e6a162237ad82ba7d8cf1400a1efed593d85ac", size = 5324617, upload-time = "2026-09-01T13:36:11.248Z" },
]
